// !$*UTF8*$!
{
	archiveVersion = 1;
	classes = {
	};
	objectVersion = 46;
	objects = {

/* Begin PBXBuildFile section */
		D50C15FB1A5A9D6D009ED8B5 /* MBProgressHUD+LJ.m in Sources */ = {isa = PBXBuildFile; fileRef = D50C15F71A5A9D6D009ED8B5 /* MBProgressHUD+LJ.m */; };
		D50C15FD1A5A9D6D009ED8B5 /* MBProgressHUD.m in Sources */ = {isa = PBXBuildFile; fileRef = D50C15FA1A5A9D6D009ED8B5 /* MBProgressHUD.m */; };
		D50C16011A5AAA23009ED8B5 /* MBProgressHUD.bundle in Resources */ = {isa = PBXBuildFile; fileRef = D50C16001A5AAA23009ED8B5 /* MBProgressHUD.bundle */; };
		D50D823E1AE11AB2001D47DA /* iCarousel.m in Sources */ = {isa = PBXBuildFile; fileRef = D50D823D1AE11AB2001D47DA /* iCarousel.m */; };
		D5131C9B1A8FB85E002539BD /* PushViewController.m in Sources */ = {isa = PBXBuildFile; fileRef = D5131C9A1A8FB85E002539BD /* PushViewController.m */; };
		D51601E21A541A96003AB6A9 /* SelfInfoTableViewController.m in Sources */ = {isa = PBXBuildFile; fileRef = D51601E11A541A96003AB6A9 /* SelfInfoTableViewController.m */; };
		D51601E51A541AEF003AB6A9 /* SelfInformation.m in Sources */ = {isa = PBXBuildFile; fileRef = D51601E41A541AEF003AB6A9 /* SelfInformation.m */; };
		D51601E81A541BA7003AB6A9 /* EducationExperience.m in Sources */ = {isa = PBXBuildFile; fileRef = D51601E71A541BA7003AB6A9 /* EducationExperience.m */; };
		D51601EB1A541BB8003AB6A9 /* EntranceExam.m in Sources */ = {isa = PBXBuildFile; fileRef = D51601EA1A541BB8003AB6A9 /* EntranceExam.m */; };
		D51601EE1A541BC9003AB6A9 /* Family.m in Sources */ = {isa = PBXBuildFile; fileRef = D51601ED1A541BC9003AB6A9 /* Family.m */; };
		D51601F11A541BDC003AB6A9 /* Title.m in Sources */ = {isa = PBXBuildFile; fileRef = D51601F01A541BDC003AB6A9 /* Title.m */; };
		D51601F61A541CBB003AB6A9 /* CellItem.xib in Resources */ = {isa = PBXBuildFile; fileRef = D51601F21A541CBB003AB6A9 /* CellItem.xib */; };
		D51601F71A541CBB003AB6A9 /* familyCell.xib in Resources */ = {isa = PBXBuildFile; fileRef = D51601F31A541CBB003AB6A9 /* familyCell.xib */; };
		D51601F81A541CBB003AB6A9 /* HeaderView.m in Sources */ = {isa = PBXBuildFile; fileRef = D51601F51A541CBB003AB6A9 /* HeaderView.m */; };
		D51601FD1A541CC7003AB6A9 /* CellItem.m in Sources */ = {isa = PBXBuildFile; fileRef = D51601FA1A541CC7003AB6A9 /* CellItem.m */; };
		D51601FE1A541CC7003AB6A9 /* familyCell.m in Sources */ = {isa = PBXBuildFile; fileRef = D51601FC1A541CC7003AB6A9 /* familyCell.m */; };
		D51602011A541EFE003AB6A9 /* ScheduleViewController.m in Sources */ = {isa = PBXBuildFile; fileRef = D51602001A541EFE003AB6A9 /* ScheduleViewController.m */; };
		D51602041A541F9A003AB6A9 /* NoticeViewController.m in Sources */ = {isa = PBXBuildFile; fileRef = D51602031A541F9A003AB6A9 /* NoticeViewController.m */; };
		D51602071A54200A003AB6A9 /* UnpassScoreTableViewController.m in Sources */ = {isa = PBXBuildFile; fileRef = D51602061A54200A003AB6A9 /* UnpassScoreTableViewController.m */; };
		D516020C1A542035003AB6A9 /* MyGrade.m in Sources */ = {isa = PBXBuildFile; fileRef = D51602091A542035003AB6A9 /* MyGrade.m */; };
		D516020D1A542035003AB6A9 /* UnpassGrade.m in Sources */ = {isa = PBXBuildFile; fileRef = D516020B1A542035003AB6A9 /* UnpassGrade.m */; };
		D51602111A542075003AB6A9 /* PartGradeCell.m in Sources */ = {isa = PBXBuildFile; fileRef = D516020F1A542075003AB6A9 /* PartGradeCell.m */; };
		D51602121A542075003AB6A9 /* PartGradeCell.xib in Resources */ = {isa = PBXBuildFile; fileRef = D51602101A542075003AB6A9 /* PartGradeCell.xib */; };
		D51602151A542109003AB6A9 /* GradeViewController.m in Sources */ = {isa = PBXBuildFile; fileRef = D51602141A542109003AB6A9 /* GradeViewController.m */; };
		D51602181A542131003AB6A9 /* RatingInfo.m in Sources */ = {isa = PBXBuildFile; fileRef = D51602171A542131003AB6A9 /* RatingInfo.m */; };
		D516021B1A542158003AB6A9 /* DetailGradeController.m in Sources */ = {isa = PBXBuildFile; fileRef = D516021A1A542158003AB6A9 /* DetailGradeController.m */; };
		D516021F1A5421D5003AB6A9 /* ExamPlanCell.m in Sources */ = {isa = PBXBuildFile; fileRef = D516021D1A5421D5003AB6A9 /* ExamPlanCell.m */; };
		D51602201A5421D5003AB6A9 /* ExamPlanCell.xib in Resources */ = {isa = PBXBuildFile; fileRef = D516021E1A5421D5003AB6A9 /* ExamPlanCell.xib */; };
		D51602231A5421DC003AB6A9 /* ExamPlan.m in Sources */ = {isa = PBXBuildFile; fileRef = D51602221A5421DC003AB6A9 /* ExamPlan.m */; };
		D51602261A5421E1003AB6A9 /* ExamPlanTableViewController.m in Sources */ = {isa = PBXBuildFile; fileRef = D51602251A5421E1003AB6A9 /* ExamPlanTableViewController.m */; };
		D51602291A54225B003AB6A9 /* SkillTestTableViewController.m in Sources */ = {isa = PBXBuildFile; fileRef = D51602281A54225B003AB6A9 /* SkillTestTableViewController.m */; };
		D516022C1A54227B003AB6A9 /* SkillTest.m in Sources */ = {isa = PBXBuildFile; fileRef = D516022B1A54227B003AB6A9 /* SkillTest.m */; };
		D51602301A542285003AB6A9 /* SkillTestCell.m in Sources */ = {isa = PBXBuildFile; fileRef = D516022E1A542285003AB6A9 /* SkillTestCell.m */; };
		D51602311A542285003AB6A9 /* SkillTestCell.xib in Resources */ = {isa = PBXBuildFile; fileRef = D516022F1A542285003AB6A9 /* SkillTestCell.xib */; };
		D51602341A542364003AB6A9 /* FeedbackViewController.m in Sources */ = {isa = PBXBuildFile; fileRef = D51602331A542364003AB6A9 /* FeedbackViewController.m */; };
		D51C80651AC679EF00A1F3A1 /* KBView.m in Sources */ = {isa = PBXBuildFile; fileRef = D51C80621AC679EF00A1F3A1 /* KBView.m */; };
		D51C80661AC679EF00A1F3A1 /* UIView+Autolayout.m in Sources */ = {isa = PBXBuildFile; fileRef = D51C80641AC679EF00A1F3A1 /* UIView+Autolayout.m */; };
		D53E75C61A93996700CBE422 /* Launch Screen.xib in Resources */ = {isa = PBXBuildFile; fileRef = D53E75C51A93996700CBE422 /* Launch Screen.xib */; };
		D55248BA1A6A97730073942F /* StoreKit.framework in Frameworks */ = {isa = PBXBuildFile; fileRef = D55248B91A6A97730073942F /* StoreKit.framework */; };
		D56448E11A68300700E5AB85 /* Crashlytics.framework in Frameworks */ = {isa = PBXBuildFile; fileRef = D56448E01A68300700E5AB85 /* Crashlytics.framework */; };
		D57D8C381A8475FB001FA546 /* MJRefresh.bundle in Resources */ = {isa = PBXBuildFile; fileRef = D57D8C281A8475FB001FA546 /* MJRefresh.bundle */; };
		D57D8C391A8475FB001FA546 /* MJRefreshBaseView.m in Sources */ = {isa = PBXBuildFile; fileRef = D57D8C2B1A8475FB001FA546 /* MJRefreshBaseView.m */; };
		D57D8C3A1A8475FB001FA546 /* MJRefreshConst.m in Sources */ = {isa = PBXBuildFile; fileRef = D57D8C2D1A8475FB001FA546 /* MJRefreshConst.m */; };
		D57D8C3B1A8475FB001FA546 /* MJRefreshFooterView.m in Sources */ = {isa = PBXBuildFile; fileRef = D57D8C2F1A8475FB001FA546 /* MJRefreshFooterView.m */; };
		D57D8C3C1A8475FB001FA546 /* MJRefreshHeaderView.m in Sources */ = {isa = PBXBuildFile; fileRef = D57D8C311A8475FB001FA546 /* MJRefreshHeaderView.m */; };
		D57D8C3D1A8475FB001FA546 /* UIScrollView+MJExtension.m in Sources */ = {isa = PBXBuildFile; fileRef = D57D8C331A8475FB001FA546 /* UIScrollView+MJExtension.m */; };
		D57D8C3E1A8475FB001FA546 /* UIScrollView+MJRefresh.m in Sources */ = {isa = PBXBuildFile; fileRef = D57D8C351A8475FB001FA546 /* UIScrollView+MJRefresh.m */; };
		D57D8C3F1A8475FB001FA546 /* UIView+MJExtension.m in Sources */ = {isa = PBXBuildFile; fileRef = D57D8C371A8475FB001FA546 /* UIView+MJExtension.m */; };
		D58E1CBC1A51B94C00B159ED /* Main.storyboard in Resources */ = {isa = PBXBuildFile; fileRef = D58E1CBA1A51B94C00B159ED /* Main.storyboard */; };
		D58E1CBE1A51B94C00B159ED /* Images.xcassets in Resources */ = {isa = PBXBuildFile; fileRef = D58E1CBD1A51B94C00B159ED /* Images.xcassets */; };
		D58E1CCD1A51B94C00B159ED /* eduadminTests.m in Sources */ = {isa = PBXBuildFile; fileRef = D58E1CCC1A51B94C00B159ED /* eduadminTests.m */; };
		D58E1D161A51B98800B159ED /* AFHTTPRequestOperation.m in Sources */ = {isa = PBXBuildFile; fileRef = D58E1CD91A51B98800B159ED /* AFHTTPRequestOperation.m */; };
		D58E1D171A51B98800B159ED /* AFHTTPRequestOperationManager.m in Sources */ = {isa = PBXBuildFile; fileRef = D58E1CDB1A51B98800B159ED /* AFHTTPRequestOperationManager.m */; };
		D58E1D181A51B98800B159ED /* AFHTTPSessionManager.m in Sources */ = {isa = PBXBuildFile; fileRef = D58E1CDD1A51B98800B159ED /* AFHTTPSessionManager.m */; };
		D58E1D191A51B98800B159ED /* AFNetworkReachabilityManager.m in Sources */ = {isa = PBXBuildFile; fileRef = D58E1CE01A51B98800B159ED /* AFNetworkReachabilityManager.m */; };
		D58E1D1A1A51B98800B159ED /* AFSecurityPolicy.m in Sources */ = {isa = PBXBuildFile; fileRef = D58E1CE21A51B98800B159ED /* AFSecurityPolicy.m */; };
		D58E1D1B1A51B98800B159ED /* AFURLConnectionOperation.m in Sources */ = {isa = PBXBuildFile; fileRef = D58E1CE41A51B98800B159ED /* AFURLConnectionOperation.m */; };
		D58E1D1C1A51B98800B159ED /* AFURLRequestSerialization.m in Sources */ = {isa = PBXBuildFile; fileRef = D58E1CE61A51B98800B159ED /* AFURLRequestSerialization.m */; };
		D58E1D1D1A51B98800B159ED /* AFURLResponseSerialization.m in Sources */ = {isa = PBXBuildFile; fileRef = D58E1CE81A51B98800B159ED /* AFURLResponseSerialization.m */; };
		D58E1D1E1A51B98800B159ED /* AFURLSessionManager.m in Sources */ = {isa = PBXBuildFile; fileRef = D58E1CEA1A51B98800B159ED /* AFURLSessionManager.m */; };
		D58E1D221A51B98800B159ED /* MJArgument.m in Sources */ = {isa = PBXBuildFile; fileRef = D58E1CF31A51B98800B159ED /* MJArgument.m */; };
		D58E1D231A51B98800B159ED /* MJConst.m in Sources */ = {isa = PBXBuildFile; fileRef = D58E1CF51A51B98800B159ED /* MJConst.m */; };
		D58E1D241A51B98800B159ED /* MJFoundation.m in Sources */ = {isa = PBXBuildFile; fileRef = D58E1CF81A51B98800B159ED /* MJFoundation.m */; };
		D58E1D251A51B98800B159ED /* MJIvar.m in Sources */ = {isa = PBXBuildFile; fileRef = D58E1CFA1A51B98800B159ED /* MJIvar.m */; };
		D58E1D261A51B98800B159ED /* MJMember.m in Sources */ = {isa = PBXBuildFile; fileRef = D58E1CFC1A51B98800B159ED /* MJMember.m */; };
		D58E1D271A51B98800B159ED /* MJMethod.m in Sources */ = {isa = PBXBuildFile; fileRef = D58E1CFE1A51B98800B159ED /* MJMethod.m */; };
		D58E1D281A51B98800B159ED /* MJType.m in Sources */ = {isa = PBXBuildFile; fileRef = D58E1D001A51B98800B159ED /* MJType.m */; };
		D58E1D291A51B98800B159ED /* MJTypeEncoding.m in Sources */ = {isa = PBXBuildFile; fileRef = D58E1D021A51B98800B159ED /* MJTypeEncoding.m */; };
		D58E1D2A1A51B98800B159ED /* NSObject+MJCoding.m in Sources */ = {isa = PBXBuildFile; fileRef = D58E1D041A51B98800B159ED /* NSObject+MJCoding.m */; };
		D58E1D2B1A51B98800B159ED /* NSObject+MJKeyValue.m in Sources */ = {isa = PBXBuildFile; fileRef = D58E1D061A51B98800B159ED /* NSObject+MJKeyValue.m */; };
		D58E1D2C1A51B98800B159ED /* NSObject+MJMember.m in Sources */ = {isa = PBXBuildFile; fileRef = D58E1D081A51B98800B159ED /* NSObject+MJMember.m */; };
		D58E1D2D1A51B98800B159ED /* LJDeviceTool.m in Sources */ = {isa = PBXBuildFile; fileRef = D58E1D0C1A51B98800B159ED /* LJDeviceTool.m */; };
		D58E1D2E1A51B98800B159ED /* LJFileTool.m in Sources */ = {isa = PBXBuildFile; fileRef = D58E1D0E1A51B98800B159ED /* LJFileTool.m */; };
		D58E1D2F1A51B98800B159ED /* LJHTTPTool.m in Sources */ = {isa = PBXBuildFile; fileRef = D58E1D101A51B98800B159ED /* LJHTTPTool.m */; };
		D58E1D301A51B98800B159ED /* LJTimeTool.m in Sources */ = {isa = PBXBuildFile; fileRef = D58E1D121A51B98800B159ED /* LJTimeTool.m */; };
		D58E1D311A51B98800B159ED /* LJUITool.m in Sources */ = {isa = PBXBuildFile; fileRef = D58E1D151A51B98800B159ED /* LJUITool.m */; };
		D58E1D371A51B9C200B159ED /* AppDelegate.m in Sources */ = {isa = PBXBuildFile; fileRef = D58E1D351A51B9C200B159ED /* AppDelegate.m */; };
		D58E1D381A51B9C200B159ED /* main.m in Sources */ = {isa = PBXBuildFile; fileRef = D58E1D361A51B9C200B159ED /* main.m */; };
		D58E1D3E1A51BACE00B159ED /* MainNavigationViewController.m in Sources */ = {isa = PBXBuildFile; fileRef = D58E1D3C1A51BACE00B159ED /* MainNavigationViewController.m */; };
		D58E1D451A51BF5900B159ED /* LoginViewController.m in Sources */ = {isa = PBXBuildFile; fileRef = D58E1D441A51BF5900B159ED /* LoginViewController.m */; };
		D5C536171A6BC3A100BD2821 /* DonateTableViewController.m in Sources */ = {isa = PBXBuildFile; fileRef = D5C536161A6BC3A100BD2821 /* DonateTableViewController.m */; };
		D5F936C11A52EB5200EA112F /* IndexViewController.m in Sources */ = {isa = PBXBuildFile; fileRef = D5F936C01A52EB5200EA112F /* IndexViewController.m */; };
		D5F936C61A52ED1B00EA112F /* AboutTableViewController.m in Sources */ = {isa = PBXBuildFile; fileRef = D5F936C51A52ED1B00EA112F /* AboutTableViewController.m */; };
		D5F936C91A52ED7900EA112F /* ShowWebViewController.m in Sources */ = {isa = PBXBuildFile; fileRef = D5F936C81A52ED7900EA112F /* ShowWebViewController.m */; };
/* End PBXBuildFile section */

/* Begin PBXContainerItemProxy section */
		D58E1CC71A51B94C00B159ED /* PBXContainerItemProxy */ = {
			isa = PBXContainerItemProxy;
			containerPortal = D58E1CA51A51B94B00B159ED /* Project object */;
			proxyType = 1;
			remoteGlobalIDString = D58E1CAC1A51B94B00B159ED;
			remoteInfo = eduadmin;
		};
/* End PBXContainerItemProxy section */

/* Begin PBXFileReference section */
		D50C15F61A5A9D6D009ED8B5 /* MBProgressHUD+LJ.h */ = {isa = PBXFileReference; fileEncoding = 4; lastKnownFileType = sourcecode.c.h; path = "MBProgressHUD+LJ.h"; sourceTree = "<group>"; };
		D50C15F71A5A9D6D009ED8B5 /* MBProgressHUD+LJ.m */ = {isa = PBXFileReference; fileEncoding = 4; lastKnownFileType = sourcecode.c.objc; path = "MBProgressHUD+LJ.m"; sourceTree = "<group>"; };
		D50C15F91A5A9D6D009ED8B5 /* MBProgressHUD.h */ = {isa = PBXFileReference; fileEncoding = 4; lastKnownFileType = sourcecode.c.h; path = MBProgressHUD.h; sourceTree = "<group>"; };
		D50C15FA1A5A9D6D009ED8B5 /* MBProgressHUD.m */ = {isa = PBXFileReference; fileEncoding = 4; lastKnownFileType = sourcecode.c.objc; path = MBProgressHUD.m; sourceTree = "<group>"; };
		D50C16001A5AAA23009ED8B5 /* MBProgressHUD.bundle */ = {isa = PBXFileReference; lastKnownFileType = "wrapper.plug-in"; path = MBProgressHUD.bundle; sourceTree = "<group>"; };
		D50D823C1AE11AB2001D47DA /* iCarousel.h */ = {isa = PBXFileReference; fileEncoding = 4; lastKnownFileType = sourcecode.c.h; path = iCarousel.h; sourceTree = "<group>"; };
		D50D823D1AE11AB2001D47DA /* iCarousel.m */ = {isa = PBXFileReference; fileEncoding = 4; lastKnownFileType = sourcecode.c.objc; path = iCarousel.m; sourceTree = "<group>"; };
		D5131C991A8FB85E002539BD /* PushViewController.h */ = {isa = PBXFileReference; fileEncoding = 4; lastKnownFileType = sourcecode.c.h; path = PushViewController.h; sourceTree = "<group>"; };
		D5131C9A1A8FB85E002539BD /* PushViewController.m */ = {isa = PBXFileReference; fileEncoding = 4; lastKnownFileType = sourcecode.c.objc; path = PushViewController.m; sourceTree = "<group>"; };
		D51601E01A541A96003AB6A9 /* SelfInfoTableViewController.h */ = {isa = PBXFileReference; fileEncoding = 4; lastKnownFileType = sourcecode.c.h; path = SelfInfoTableViewController.h; sourceTree = "<group>"; };
		D51601E11A541A96003AB6A9 /* SelfInfoTableViewController.m */ = {isa = PBXFileReference; fileEncoding = 4; lastKnownFileType = sourcecode.c.objc; path = SelfInfoTableViewController.m; sourceTree = "<group>"; };
		D51601E31A541AEF003AB6A9 /* SelfInformation.h */ = {isa = PBXFileReference; fileEncoding = 4; lastKnownFileType = sourcecode.c.h; path = SelfInformation.h; sourceTree = "<group>"; };
		D51601E41A541AEF003AB6A9 /* SelfInformation.m */ = {isa = PBXFileReference; fileEncoding = 4; lastKnownFileType = sourcecode.c.objc; path = SelfInformation.m; sourceTree = "<group>"; };
		D51601E61A541BA7003AB6A9 /* EducationExperience.h */ = {isa = PBXFileReference; fileEncoding = 4; lastKnownFileType = sourcecode.c.h; path = EducationExperience.h; sourceTree = "<group>"; };
		D51601E71A541BA7003AB6A9 /* EducationExperience.m */ = {isa = PBXFileReference; fileEncoding = 4; lastKnownFileType = sourcecode.c.objc; path = EducationExperience.m; sourceTree = "<group>"; };
		D51601E91A541BB8003AB6A9 /* EntranceExam.h */ = {isa = PBXFileReference; fileEncoding = 4; lastKnownFileType = sourcecode.c.h; path = EntranceExam.h; sourceTree = "<group>"; };
		D51601EA1A541BB8003AB6A9 /* EntranceExam.m */ = {isa = PBXFileReference; fileEncoding = 4; lastKnownFileType = sourcecode.c.objc; path = EntranceExam.m; sourceTree = "<group>"; };
		D51601EC1A541BC9003AB6A9 /* Family.h */ = {isa = PBXFileReference; fileEncoding = 4; lastKnownFileType = sourcecode.c.h; path = Family.h; sourceTree = "<group>"; };
		D51601ED1A541BC9003AB6A9 /* Family.m */ = {isa = PBXFileReference; fileEncoding = 4; lastKnownFileType = sourcecode.c.objc; path = Family.m; sourceTree = "<group>"; };
		D51601EF1A541BDC003AB6A9 /* Title.h */ = {isa = PBXFileReference; fileEncoding = 4; lastKnownFileType = sourcecode.c.h; path = Title.h; sourceTree = "<group>"; };
		D51601F01A541BDC003AB6A9 /* Title.m */ = {isa = PBXFileReference; fileEncoding = 4; lastKnownFileType = sourcecode.c.objc; path = Title.m; sourceTree = "<group>"; };
		D51601F21A541CBB003AB6A9 /* CellItem.xib */ = {isa = PBXFileReference; fileEncoding = 4; lastKnownFileType = file.xib; path = CellItem.xib; sourceTree = "<group>"; };
		D51601F31A541CBB003AB6A9 /* familyCell.xib */ = {isa = PBXFileReference; fileEncoding = 4; lastKnownFileType = file.xib; path = familyCell.xib; sourceTree = "<group>"; };
		D51601F41A541CBB003AB6A9 /* HeaderView.h */ = {isa = PBXFileReference; fileEncoding = 4; lastKnownFileType = sourcecode.c.h; path = HeaderView.h; sourceTree = "<group>"; };
		D51601F51A541CBB003AB6A9 /* HeaderView.m */ = {isa = PBXFileReference; fileEncoding = 4; lastKnownFileType = sourcecode.c.objc; path = HeaderView.m; sourceTree = "<group>"; };
		D51601F91A541CC7003AB6A9 /* CellItem.h */ = {isa = PBXFileReference; fileEncoding = 4; lastKnownFileType = sourcecode.c.h; path = CellItem.h; sourceTree = "<group>"; };
		D51601FA1A541CC7003AB6A9 /* CellItem.m */ = {isa = PBXFileReference; fileEncoding = 4; lastKnownFileType = sourcecode.c.objc; path = CellItem.m; sourceTree = "<group>"; };
		D51601FB1A541CC7003AB6A9 /* familyCell.h */ = {isa = PBXFileReference; fileEncoding = 4; lastKnownFileType = sourcecode.c.h; path = familyCell.h; sourceTree = "<group>"; };
		D51601FC1A541CC7003AB6A9 /* familyCell.m */ = {isa = PBXFileReference; fileEncoding = 4; lastKnownFileType = sourcecode.c.objc; path = familyCell.m; sourceTree = "<group>"; };
		D51601FF1A541EFE003AB6A9 /* ScheduleViewController.h */ = {isa = PBXFileReference; fileEncoding = 4; lastKnownFileType = sourcecode.c.h; path = ScheduleViewController.h; sourceTree = "<group>"; };
		D51602001A541EFE003AB6A9 /* ScheduleViewController.m */ = {isa = PBXFileReference; fileEncoding = 4; lastKnownFileType = sourcecode.c.objc; path = ScheduleViewController.m; sourceTree = "<group>"; };
		D51602021A541F9A003AB6A9 /* NoticeViewController.h */ = {isa = PBXFileReference; fileEncoding = 4; lastKnownFileType = sourcecode.c.h; path = NoticeViewController.h; sourceTree = "<group>"; };
		D51602031A541F9A003AB6A9 /* NoticeViewController.m */ = {isa = PBXFileReference; fileEncoding = 4; lastKnownFileType = sourcecode.c.objc; path = NoticeViewController.m; sourceTree = "<group>"; };
		D51602051A54200A003AB6A9 /* UnpassScoreTableViewController.h */ = {isa = PBXFileReference; fileEncoding = 4; lastKnownFileType = sourcecode.c.h; path = UnpassScoreTableViewController.h; sourceTree = "<group>"; };
		D51602061A54200A003AB6A9 /* UnpassScoreTableViewController.m */ = {isa = PBXFileReference; fileEncoding = 4; lastKnownFileType = sourcecode.c.objc; path = UnpassScoreTableViewController.m; sourceTree = "<group>"; };
		D51602081A542035003AB6A9 /* MyGrade.h */ = {isa = PBXFileReference; fileEncoding = 4; lastKnownFileType = sourcecode.c.h; path = MyGrade.h; sourceTree = "<group>"; };
		D51602091A542035003AB6A9 /* MyGrade.m */ = {isa = PBXFileReference; fileEncoding = 4; lastKnownFileType = sourcecode.c.objc; path = MyGrade.m; sourceTree = "<group>"; };
		D516020A1A542035003AB6A9 /* UnpassGrade.h */ = {isa = PBXFileReference; fileEncoding = 4; lastKnownFileType = sourcecode.c.h; path = UnpassGrade.h; sourceTree = "<group>"; };
		D516020B1A542035003AB6A9 /* UnpassGrade.m */ = {isa = PBXFileReference; fileEncoding = 4; lastKnownFileType = sourcecode.c.objc; path = UnpassGrade.m; sourceTree = "<group>"; };
		D516020E1A542075003AB6A9 /* PartGradeCell.h */ = {isa = PBXFileReference; fileEncoding = 4; lastKnownFileType = sourcecode.c.h; path = PartGradeCell.h; sourceTree = "<group>"; };
		D516020F1A542075003AB6A9 /* PartGradeCell.m */ = {isa = PBXFileReference; fileEncoding = 4; lastKnownFileType = sourcecode.c.objc; path = PartGradeCell.m; sourceTree = "<group>"; };
		D51602101A542075003AB6A9 /* PartGradeCell.xib */ = {isa = PBXFileReference; fileEncoding = 4; lastKnownFileType = file.xib; path = PartGradeCell.xib; sourceTree = "<group>"; };
		D51602131A542109003AB6A9 /* GradeViewController.h */ = {isa = PBXFileReference; fileEncoding = 4; lastKnownFileType = sourcecode.c.h; path = GradeViewController.h; sourceTree = "<group>"; };
		D51602141A542109003AB6A9 /* GradeViewController.m */ = {isa = PBXFileReference; fileEncoding = 4; lastKnownFileType = sourcecode.c.objc; path = GradeViewController.m; sourceTree = "<group>"; };
		D51602161A542131003AB6A9 /* RatingInfo.h */ = {isa = PBXFileReference; fileEncoding = 4; lastKnownFileType = sourcecode.c.h; path = RatingInfo.h; sourceTree = "<group>"; };
		D51602171A542131003AB6A9 /* RatingInfo.m */ = {isa = PBXFileReference; fileEncoding = 4; lastKnownFileType = sourcecode.c.objc; path = RatingInfo.m; sourceTree = "<group>"; };
		D51602191A542158003AB6A9 /* DetailGradeController.h */ = {isa = PBXFileReference; fileEncoding = 4; lastKnownFileType = sourcecode.c.h; path = DetailGradeController.h; sourceTree = "<group>"; };
		D516021A1A542158003AB6A9 /* DetailGradeController.m */ = {isa = PBXFileReference; fileEncoding = 4; lastKnownFileType = sourcecode.c.objc; path = DetailGradeController.m; sourceTree = "<group>"; };
		D516021C1A5421D5003AB6A9 /* ExamPlanCell.h */ = {isa = PBXFileReference; fileEncoding = 4; lastKnownFileType = sourcecode.c.h; path = ExamPlanCell.h; sourceTree = "<group>"; };
		D516021D1A5421D5003AB6A9 /* ExamPlanCell.m */ = {isa = PBXFileReference; fileEncoding = 4; lastKnownFileType = sourcecode.c.objc; path = ExamPlanCell.m; sourceTree = "<group>"; };
		D516021E1A5421D5003AB6A9 /* ExamPlanCell.xib */ = {isa = PBXFileReference; fileEncoding = 4; lastKnownFileType = file.xib; path = ExamPlanCell.xib; sourceTree = "<group>"; };
		D51602211A5421DC003AB6A9 /* ExamPlan.h */ = {isa = PBXFileReference; fileEncoding = 4; lastKnownFileType = sourcecode.c.h; path = ExamPlan.h; sourceTree = "<group>"; };
		D51602221A5421DC003AB6A9 /* ExamPlan.m */ = {isa = PBXFileReference; fileEncoding = 4; lastKnownFileType = sourcecode.c.objc; path = ExamPlan.m; sourceTree = "<group>"; };
		D51602241A5421E1003AB6A9 /* ExamPlanTableViewController.h */ = {isa = PBXFileReference; fileEncoding = 4; lastKnownFileType = sourcecode.c.h; path = ExamPlanTableViewController.h; sourceTree = "<group>"; };
		D51602251A5421E1003AB6A9 /* ExamPlanTableViewController.m */ = {isa = PBXFileReference; fileEncoding = 4; lastKnownFileType = sourcecode.c.objc; path = ExamPlanTableViewController.m; sourceTree = "<group>"; };
		D51602271A54225B003AB6A9 /* SkillTestTableViewController.h */ = {isa = PBXFileReference; fileEncoding = 4; lastKnownFileType = sourcecode.c.h; path = SkillTestTableViewController.h; sourceTree = "<group>"; };
		D51602281A54225B003AB6A9 /* SkillTestTableViewController.m */ = {isa = PBXFileReference; fileEncoding = 4; lastKnownFileType = sourcecode.c.objc; path = SkillTestTableViewController.m; sourceTree = "<group>"; };
		D516022A1A54227B003AB6A9 /* SkillTest.h */ = {isa = PBXFileReference; fileEncoding = 4; lastKnownFileType = sourcecode.c.h; path = SkillTest.h; sourceTree = "<group>"; };
		D516022B1A54227B003AB6A9 /* SkillTest.m */ = {isa = PBXFileReference; fileEncoding = 4; lastKnownFileType = sourcecode.c.objc; path = SkillTest.m; sourceTree = "<group>"; };
		D516022D1A542285003AB6A9 /* SkillTestCell.h */ = {isa = PBXFileReference; fileEncoding = 4; lastKnownFileType = sourcecode.c.h; path = SkillTestCell.h; sourceTree = "<group>"; };
		D516022E1A542285003AB6A9 /* SkillTestCell.m */ = {isa = PBXFileReference; fileEncoding = 4; lastKnownFileType = sourcecode.c.objc; path = SkillTestCell.m; sourceTree = "<group>"; };
		D516022F1A542285003AB6A9 /* SkillTestCell.xib */ = {isa = PBXFileReference; fileEncoding = 4; lastKnownFileType = file.xib; path = SkillTestCell.xib; sourceTree = "<group>"; };
		D51602321A542364003AB6A9 /* FeedbackViewController.h */ = {isa = PBXFileReference; fileEncoding = 4; lastKnownFileType = sourcecode.c.h; path = FeedbackViewController.h; sourceTree = "<group>"; };
		D51602331A542364003AB6A9 /* FeedbackViewController.m */ = {isa = PBXFileReference; fileEncoding = 4; lastKnownFileType = sourcecode.c.objc; path = FeedbackViewController.m; sourceTree = "<group>"; };
		D51C80611AC679EF00A1F3A1 /* KBView.h */ = {isa = PBXFileReference; fileEncoding = 4; lastKnownFileType = sourcecode.c.h; path = KBView.h; sourceTree = "<group>"; };
		D51C80621AC679EF00A1F3A1 /* KBView.m */ = {isa = PBXFileReference; fileEncoding = 4; lastKnownFileType = sourcecode.c.objc; path = KBView.m; sourceTree = "<group>"; };
		D51C80631AC679EF00A1F3A1 /* UIView+Autolayout.h */ = {isa = PBXFileReference; fileEncoding = 4; lastKnownFileType = sourcecode.c.h; path = "UIView+Autolayout.h"; sourceTree = "<group>"; };
		D51C80641AC679EF00A1F3A1 /* UIView+Autolayout.m */ = {isa = PBXFileReference; fileEncoding = 4; lastKnownFileType = sourcecode.c.objc; path = "UIView+Autolayout.m"; sourceTree = "<group>"; };
		D53E75C51A93996700CBE422 /* Launch Screen.xib */ = {isa = PBXFileReference; fileEncoding = 4; lastKnownFileType = file.xib; path = "Launch Screen.xib"; sourceTree = "<group>"; };
		D55248B91A6A97730073942F /* StoreKit.framework */ = {isa = PBXFileReference; lastKnownFileType = wrapper.framework; name = StoreKit.framework; path = System/Library/Frameworks/StoreKit.framework; sourceTree = SDKROOT; };
		D56448E01A68300700E5AB85 /* Crashlytics.framework */ = {isa = PBXFileReference; lastKnownFileType = wrapper.framework; path = Crashlytics.framework; sourceTree = "<group>"; };
		D57D8C281A8475FB001FA546 /* MJRefresh.bundle */ = {isa = PBXFileReference; lastKnownFileType = "wrapper.plug-in"; path = MJRefresh.bundle; sourceTree = "<group>"; };
		D57D8C291A8475FB001FA546 /* MJRefresh.h */ = {isa = PBXFileReference; fileEncoding = 4; lastKnownFileType = sourcecode.c.h; path = MJRefresh.h; sourceTree = "<group>"; };
		D57D8C2A1A8475FB001FA546 /* MJRefreshBaseView.h */ = {isa = PBXFileReference; fileEncoding = 4; lastKnownFileType = sourcecode.c.h; path = MJRefreshBaseView.h; sourceTree = "<group>"; };
		D57D8C2B1A8475FB001FA546 /* MJRefreshBaseView.m */ = {isa = PBXFileReference; fileEncoding = 4; lastKnownFileType = sourcecode.c.objc; path = MJRefreshBaseView.m; sourceTree = "<group>"; };
		D57D8C2C1A8475FB001FA546 /* MJRefreshConst.h */ = {isa = PBXFileReference; fileEncoding = 4; lastKnownFileType = sourcecode.c.h; path = MJRefreshConst.h; sourceTree = "<group>"; };
		D57D8C2D1A8475FB001FA546 /* MJRefreshConst.m */ = {isa = PBXFileReference; fileEncoding = 4; lastKnownFileType = sourcecode.c.objc; path = MJRefreshConst.m; sourceTree = "<group>"; };
		D57D8C2E1A8475FB001FA546 /* MJRefreshFooterView.h */ = {isa = PBXFileReference; fileEncoding = 4; lastKnownFileType = sourcecode.c.h; path = MJRefreshFooterView.h; sourceTree = "<group>"; };
		D57D8C2F1A8475FB001FA546 /* MJRefreshFooterView.m */ = {isa = PBXFileReference; fileEncoding = 4; lastKnownFileType = sourcecode.c.objc; path = MJRefreshFooterView.m; sourceTree = "<group>"; };
		D57D8C301A8475FB001FA546 /* MJRefreshHeaderView.h */ = {isa = PBXFileReference; fileEncoding = 4; lastKnownFileType = sourcecode.c.h; path = MJRefreshHeaderView.h; sourceTree = "<group>"; };
		D57D8C311A8475FB001FA546 /* MJRefreshHeaderView.m */ = {isa = PBXFileReference; fileEncoding = 4; lastKnownFileType = sourcecode.c.objc; path = MJRefreshHeaderView.m; sourceTree = "<group>"; };
		D57D8C321A8475FB001FA546 /* UIScrollView+MJExtension.h */ = {isa = PBXFileReference; fileEncoding = 4; lastKnownFileType = sourcecode.c.h; path = "UIScrollView+MJExtension.h"; sourceTree = "<group>"; };
		D57D8C331A8475FB001FA546 /* UIScrollView+MJExtension.m */ = {isa = PBXFileReference; fileEncoding = 4; lastKnownFileType = sourcecode.c.objc; path = "UIScrollView+MJExtension.m"; sourceTree = "<group>"; };
		D57D8C341A8475FB001FA546 /* UIScrollView+MJRefresh.h */ = {isa = PBXFileReference; fileEncoding = 4; lastKnownFileType = sourcecode.c.h; path = "UIScrollView+MJRefresh.h"; sourceTree = "<group>"; };
		D57D8C351A8475FB001FA546 /* UIScrollView+MJRefresh.m */ = {isa = PBXFileReference; fileEncoding = 4; lastKnownFileType = sourcecode.c.objc; path = "UIScrollView+MJRefresh.m"; sourceTree = "<group>"; };
		D57D8C361A8475FB001FA546 /* UIView+MJExtension.h */ = {isa = PBXFileReference; fileEncoding = 4; lastKnownFileType = sourcecode.c.h; path = "UIView+MJExtension.h"; sourceTree = "<group>"; };
		D57D8C371A8475FB001FA546 /* UIView+MJExtension.m */ = {isa = PBXFileReference; fileEncoding = 4; lastKnownFileType = sourcecode.c.objc; path = "UIView+MJExtension.m"; sourceTree = "<group>"; };
		D58E1CAD1A51B94B00B159ED /* eduadmin.app */ = {isa = PBXFileReference; explicitFileType = wrapper.application; includeInIndex = 0; path = eduadmin.app; sourceTree = BUILT_PRODUCTS_DIR; };
		D58E1CB11A51B94B00B159ED /* Info.plist */ = {isa = PBXFileReference; lastKnownFileType = text.plist.xml; path = Info.plist; sourceTree = "<group>"; };
		D58E1CBB1A51B94C00B159ED /* Base */ = {isa = PBXFileReference; lastKnownFileType = file.storyboard; name = Base; path = Base.lproj/Main.storyboard; sourceTree = "<group>"; };
		D58E1CBD1A51B94C00B159ED /* Images.xcassets */ = {isa = PBXFileReference; lastKnownFileType = folder.assetcatalog; path = Images.xcassets; sourceTree = "<group>"; };
		D58E1CC61A51B94C00B159ED /* eduadminTests.xctest */ = {isa = PBXFileReference; explicitFileType = wrapper.cfbundle; includeInIndex = 0; path = eduadminTests.xctest; sourceTree = BUILT_PRODUCTS_DIR; };
		D58E1CCB1A51B94C00B159ED /* Info.plist */ = {isa = PBXFileReference; lastKnownFileType = text.plist.xml; path = Info.plist; sourceTree = "<group>"; };
		D58E1CCC1A51B94C00B159ED /* eduadminTests.m */ = {isa = PBXFileReference; lastKnownFileType = sourcecode.c.objc; path = eduadminTests.m; sourceTree = "<group>"; };
		D58E1CD81A51B98800B159ED /* AFHTTPRequestOperation.h */ = {isa = PBXFileReference; fileEncoding = 4; lastKnownFileType = sourcecode.c.h; path = AFHTTPRequestOperation.h; sourceTree = "<group>"; };
		D58E1CD91A51B98800B159ED /* AFHTTPRequestOperation.m */ = {isa = PBXFileReference; fileEncoding = 4; lastKnownFileType = sourcecode.c.objc; path = AFHTTPRequestOperation.m; sourceTree = "<group>"; };
		D58E1CDA1A51B98800B159ED /* AFHTTPRequestOperationManager.h */ = {isa = PBXFileReference; fileEncoding = 4; lastKnownFileType = sourcecode.c.h; path = AFHTTPRequestOperationManager.h; sourceTree = "<group>"; };
		D58E1CDB1A51B98800B159ED /* AFHTTPRequestOperationManager.m */ = {isa = PBXFileReference; fileEncoding = 4; lastKnownFileType = sourcecode.c.objc; path = AFHTTPRequestOperationManager.m; sourceTree = "<group>"; };
		D58E1CDC1A51B98800B159ED /* AFHTTPSessionManager.h */ = {isa = PBXFileReference; fileEncoding = 4; lastKnownFileType = sourcecode.c.h; path = AFHTTPSessionManager.h; sourceTree = "<group>"; };
		D58E1CDD1A51B98800B159ED /* AFHTTPSessionManager.m */ = {isa = PBXFileReference; fileEncoding = 4; lastKnownFileType = sourcecode.c.objc; path = AFHTTPSessionManager.m; sourceTree = "<group>"; };
		D58E1CDE1A51B98800B159ED /* AFNetworking.h */ = {isa = PBXFileReference; fileEncoding = 4; lastKnownFileType = sourcecode.c.h; path = AFNetworking.h; sourceTree = "<group>"; };
		D58E1CDF1A51B98800B159ED /* AFNetworkReachabilityManager.h */ = {isa = PBXFileReference; fileEncoding = 4; lastKnownFileType = sourcecode.c.h; path = AFNetworkReachabilityManager.h; sourceTree = "<group>"; };
		D58E1CE01A51B98800B159ED /* AFNetworkReachabilityManager.m */ = {isa = PBXFileReference; fileEncoding = 4; lastKnownFileType = sourcecode.c.objc; path = AFNetworkReachabilityManager.m; sourceTree = "<group>"; };
		D58E1CE11A51B98800B159ED /* AFSecurityPolicy.h */ = {isa = PBXFileReference; fileEncoding = 4; lastKnownFileType = sourcecode.c.h; path = AFSecurityPolicy.h; sourceTree = "<group>"; };
		D58E1CE21A51B98800B159ED /* AFSecurityPolicy.m */ = {isa = PBXFileReference; fileEncoding = 4; lastKnownFileType = sourcecode.c.objc; path = AFSecurityPolicy.m; sourceTree = "<group>"; };
		D58E1CE31A51B98800B159ED /* AFURLConnectionOperation.h */ = {isa = PBXFileReference; fileEncoding = 4; lastKnownFileType = sourcecode.c.h; path = AFURLConnectionOperation.h; sourceTree = "<group>"; };
		D58E1CE41A51B98800B159ED /* AFURLConnectionOperation.m */ = {isa = PBXFileReference; fileEncoding = 4; lastKnownFileType = sourcecode.c.objc; path = AFURLConnectionOperation.m; sourceTree = "<group>"; };
		D58E1CE51A51B98800B159ED /* AFURLRequestSerialization.h */ = {isa = PBXFileReference; fileEncoding = 4; lastKnownFileType = sourcecode.c.h; path = AFURLRequestSerialization.h; sourceTree = "<group>"; };
		D58E1CE61A51B98800B159ED /* AFURLRequestSerialization.m */ = {isa = PBXFileReference; fileEncoding = 4; lastKnownFileType = sourcecode.c.objc; path = AFURLRequestSerialization.m; sourceTree = "<group>"; };
		D58E1CE71A51B98800B159ED /* AFURLResponseSerialization.h */ = {isa = PBXFileReference; fileEncoding = 4; lastKnownFileType = sourcecode.c.h; path = AFURLResponseSerialization.h; sourceTree = "<group>"; };
		D58E1CE81A51B98800B159ED /* AFURLResponseSerialization.m */ = {isa = PBXFileReference; fileEncoding = 4; lastKnownFileType = sourcecode.c.objc; path = AFURLResponseSerialization.m; sourceTree = "<group>"; };
		D58E1CE91A51B98800B159ED /* AFURLSessionManager.h */ = {isa = PBXFileReference; fileEncoding = 4; lastKnownFileType = sourcecode.c.h; path = AFURLSessionManager.h; sourceTree = "<group>"; };
		D58E1CEA1A51B98800B159ED /* AFURLSessionManager.m */ = {isa = PBXFileReference; fileEncoding = 4; lastKnownFileType = sourcecode.c.objc; path = AFURLSessionManager.m; sourceTree = "<group>"; };
		D58E1CF21A51B98800B159ED /* MJArgument.h */ = {isa = PBXFileReference; fileEncoding = 4; lastKnownFileType = sourcecode.c.h; path = MJArgument.h; sourceTree = "<group>"; };
		D58E1CF31A51B98800B159ED /* MJArgument.m */ = {isa = PBXFileReference; fileEncoding = 4; lastKnownFileType = sourcecode.c.objc; path = MJArgument.m; sourceTree = "<group>"; };
		D58E1CF41A51B98800B159ED /* MJConst.h */ = {isa = PBXFileReference; fileEncoding = 4; lastKnownFileType = sourcecode.c.h; path = MJConst.h; sourceTree = "<group>"; };
		D58E1CF51A51B98800B159ED /* MJConst.m */ = {isa = PBXFileReference; fileEncoding = 4; lastKnownFileType = sourcecode.c.objc; path = MJConst.m; sourceTree = "<group>"; };
		D58E1CF61A51B98800B159ED /* MJExtension.h */ = {isa = PBXFileReference; fileEncoding = 4; lastKnownFileType = sourcecode.c.h; path = MJExtension.h; sourceTree = "<group>"; };
		D58E1CF71A51B98800B159ED /* MJFoundation.h */ = {isa = PBXFileReference; fileEncoding = 4; lastKnownFileType = sourcecode.c.h; path = MJFoundation.h; sourceTree = "<group>"; };
		D58E1CF81A51B98800B159ED /* MJFoundation.m */ = {isa = PBXFileReference; fileEncoding = 4; lastKnownFileType = sourcecode.c.objc; path = MJFoundation.m; sourceTree = "<group>"; };
		D58E1CF91A51B98800B159ED /* MJIvar.h */ = {isa = PBXFileReference; fileEncoding = 4; lastKnownFileType = sourcecode.c.h; path = MJIvar.h; sourceTree = "<group>"; };
		D58E1CFA1A51B98800B159ED /* MJIvar.m */ = {isa = PBXFileReference; fileEncoding = 4; lastKnownFileType = sourcecode.c.objc; path = MJIvar.m; sourceTree = "<group>"; };
		D58E1CFB1A51B98800B159ED /* MJMember.h */ = {isa = PBXFileReference; fileEncoding = 4; lastKnownFileType = sourcecode.c.h; path = MJMember.h; sourceTree = "<group>"; };
		D58E1CFC1A51B98800B159ED /* MJMember.m */ = {isa = PBXFileReference; fileEncoding = 4; lastKnownFileType = sourcecode.c.objc; path = MJMember.m; sourceTree = "<group>"; };
		D58E1CFD1A51B98800B159ED /* MJMethod.h */ = {isa = PBXFileReference; fileEncoding = 4; lastKnownFileType = sourcecode.c.h; path = MJMethod.h; sourceTree = "<group>"; };
		D58E1CFE1A51B98800B159ED /* MJMethod.m */ = {isa = PBXFileReference; fileEncoding = 4; lastKnownFileType = sourcecode.c.objc; path = MJMethod.m; sourceTree = "<group>"; };
		D58E1CFF1A51B98800B159ED /* MJType.h */ = {isa = PBXFileReference; fileEncoding = 4; lastKnownFileType = sourcecode.c.h; path = MJType.h; sourceTree = "<group>"; };
		D58E1D001A51B98800B159ED /* MJType.m */ = {isa = PBXFileReference; fileEncoding = 4; lastKnownFileType = sourcecode.c.objc; path = MJType.m; sourceTree = "<group>"; };
		D58E1D011A51B98800B159ED /* MJTypeEncoding.h */ = {isa = PBXFileReference; fileEncoding = 4; lastKnownFileType = sourcecode.c.h; path = MJTypeEncoding.h; sourceTree = "<group>"; };
		D58E1D021A51B98800B159ED /* MJTypeEncoding.m */ = {isa = PBXFileReference; fileEncoding = 4; lastKnownFileType = sourcecode.c.objc; path = MJTypeEncoding.m; sourceTree = "<group>"; };
		D58E1D031A51B98800B159ED /* NSObject+MJCoding.h */ = {isa = PBXFileReference; fileEncoding = 4; lastKnownFileType = sourcecode.c.h; path = "NSObject+MJCoding.h"; sourceTree = "<group>"; };
		D58E1D041A51B98800B159ED /* NSObject+MJCoding.m */ = {isa = PBXFileReference; fileEncoding = 4; lastKnownFileType = sourcecode.c.objc; path = "NSObject+MJCoding.m"; sourceTree = "<group>"; };
		D58E1D051A51B98800B159ED /* NSObject+MJKeyValue.h */ = {isa = PBXFileReference; fileEncoding = 4; lastKnownFileType = sourcecode.c.h; path = "NSObject+MJKeyValue.h"; sourceTree = "<group>"; };
		D58E1D061A51B98800B159ED /* NSObject+MJKeyValue.m */ = {isa = PBXFileReference; fileEncoding = 4; lastKnownFileType = sourcecode.c.objc; path = "NSObject+MJKeyValue.m"; sourceTree = "<group>"; };
		D58E1D071A51B98800B159ED /* NSObject+MJMember.h */ = {isa = PBXFileReference; fileEncoding = 4; lastKnownFileType = sourcecode.c.h; path = "NSObject+MJMember.h"; sourceTree = "<group>"; };
		D58E1D081A51B98800B159ED /* NSObject+MJMember.m */ = {isa = PBXFileReference; fileEncoding = 4; lastKnownFileType = sourcecode.c.objc; path = "NSObject+MJMember.m"; sourceTree = "<group>"; };
		D58E1D0A1A51B98800B159ED /* Common.h */ = {isa = PBXFileReference; fileEncoding = 4; lastKnownFileType = sourcecode.c.h; path = Common.h; sourceTree = "<group>"; };
		D58E1D0B1A51B98800B159ED /* LJDeviceTool.h */ = {isa = PBXFileReference; fileEncoding = 4; lastKnownFileType = sourcecode.c.h; path = LJDeviceTool.h; sourceTree = "<group>"; };
		D58E1D0C1A51B98800B159ED /* LJDeviceTool.m */ = {isa = PBXFileReference; fileEncoding = 4; lastKnownFileType = sourcecode.c.objc; path = LJDeviceTool.m; sourceTree = "<group>"; };
		D58E1D0D1A51B98800B159ED /* LJFileTool.h */ = {isa = PBXFileReference; fileEncoding = 4; lastKnownFileType = sourcecode.c.h; path = LJFileTool.h; sourceTree = "<group>"; };
		D58E1D0E1A51B98800B159ED /* LJFileTool.m */ = {isa = PBXFileReference; fileEncoding = 4; lastKnownFileType = sourcecode.c.objc; path = LJFileTool.m; sourceTree = "<group>"; };
		D58E1D0F1A51B98800B159ED /* LJHTTPTool.h */ = {isa = PBXFileReference; fileEncoding = 4; lastKnownFileType = sourcecode.c.h; path = LJHTTPTool.h; sourceTree = "<group>"; };
		D58E1D101A51B98800B159ED /* LJHTTPTool.m */ = {isa = PBXFileReference; fileEncoding = 4; lastKnownFileType = sourcecode.c.objc; path = LJHTTPTool.m; sourceTree = "<group>"; };
		D58E1D111A51B98800B159ED /* LJTimeTool.h */ = {isa = PBXFileReference; fileEncoding = 4; lastKnownFileType = sourcecode.c.h; path = LJTimeTool.h; sourceTree = "<group>"; };
		D58E1D121A51B98800B159ED /* LJTimeTool.m */ = {isa = PBXFileReference; fileEncoding = 4; lastKnownFileType = sourcecode.c.objc; path = LJTimeTool.m; sourceTree = "<group>"; };
		D58E1D131A51B98800B159ED /* LJTools.h */ = {isa = PBXFileReference; fileEncoding = 4; lastKnownFileType = sourcecode.c.h; path = LJTools.h; sourceTree = "<group>"; };
		D58E1D141A51B98800B159ED /* LJUITool.h */ = {isa = PBXFileReference; fileEncoding = 4; lastKnownFileType = sourcecode.c.h; path = LJUITool.h; sourceTree = "<group>"; };
		D58E1D151A51B98800B159ED /* LJUITool.m */ = {isa = PBXFileReference; fileEncoding = 4; lastKnownFileType = sourcecode.c.objc; path = LJUITool.m; sourceTree = "<group>"; };
		D58E1D341A51B9C200B159ED /* AppDelegate.h */ = {isa = PBXFileReference; fileEncoding = 4; lastKnownFileType = sourcecode.c.h; path = AppDelegate.h; sourceTree = "<group>"; };
		D58E1D351A51B9C200B159ED /* AppDelegate.m */ = {isa = PBXFileReference; fileEncoding = 4; lastKnownFileType = sourcecode.c.objc; path = AppDelegate.m; sourceTree = "<group>"; };
		D58E1D361A51B9C200B159ED /* main.m */ = {isa = PBXFileReference; fileEncoding = 4; lastKnownFileType = sourcecode.c.objc; path = main.m; sourceTree = "<group>"; };
		D58E1D3B1A51BACE00B159ED /* MainNavigationViewController.h */ = {isa = PBXFileReference; fileEncoding = 4; lastKnownFileType = sourcecode.c.h; path = MainNavigationViewController.h; sourceTree = "<group>"; };
		D58E1D3C1A51BACE00B159ED /* MainNavigationViewController.m */ = {isa = PBXFileReference; fileEncoding = 4; lastKnownFileType = sourcecode.c.objc; path = MainNavigationViewController.m; sourceTree = "<group>"; };
		D58E1D431A51BF5900B159ED /* LoginViewController.h */ = {isa = PBXFileReference; fileEncoding = 4; lastKnownFileType = sourcecode.c.h; path = LoginViewController.h; sourceTree = "<group>"; };
		D58E1D441A51BF5900B159ED /* LoginViewController.m */ = {isa = PBXFileReference; fileEncoding = 4; lastKnownFileType = sourcecode.c.objc; path = LoginViewController.m; sourceTree = "<group>"; };
		D5C536151A6BC3A100BD2821 /* DonateTableViewController.h */ = {isa = PBXFileReference; fileEncoding = 4; lastKnownFileType = sourcecode.c.h; path = DonateTableViewController.h; sourceTree = "<group>"; };
		D5C536161A6BC3A100BD2821 /* DonateTableViewController.m */ = {isa = PBXFileReference; fileEncoding = 4; lastKnownFileType = sourcecode.c.objc; path = DonateTableViewController.m; sourceTree = "<group>"; };
		D5F936BF1A52EB5200EA112F /* IndexViewController.h */ = {isa = PBXFileReference; fileEncoding = 4; lastKnownFileType = sourcecode.c.h; path = IndexViewController.h; sourceTree = "<group>"; };
		D5F936C01A52EB5200EA112F /* IndexViewController.m */ = {isa = PBXFileReference; fileEncoding = 4; lastKnownFileType = sourcecode.c.objc; path = IndexViewController.m; sourceTree = "<group>"; };
		D5F936C41A52ED1B00EA112F /* AboutTableViewController.h */ = {isa = PBXFileReference; fileEncoding = 4; lastKnownFileType = sourcecode.c.h; path = AboutTableViewController.h; sourceTree = "<group>"; };
		D5F936C51A52ED1B00EA112F /* AboutTableViewController.m */ = {isa = PBXFileReference; fileEncoding = 4; lastKnownFileType = sourcecode.c.objc; path = AboutTableViewController.m; sourceTree = "<group>"; };
		D5F936C71A52ED7900EA112F /* ShowWebViewController.h */ = {isa = PBXFileReference; fileEncoding = 4; lastKnownFileType = sourcecode.c.h; path = ShowWebViewController.h; sourceTree = "<group>"; };
		D5F936C81A52ED7900EA112F /* ShowWebViewController.m */ = {isa = PBXFileReference; fileEncoding = 4; lastKnownFileType = sourcecode.c.objc; path = ShowWebViewController.m; sourceTree = "<group>"; };
/* End PBXFileReference section */

/* Begin PBXFrameworksBuildPhase section */
		D58E1CAA1A51B94B00B159ED /* Frameworks */ = {
			isa = PBXFrameworksBuildPhase;
			buildActionMask = 2147483647;
			files = (
				D56448E11A68300700E5AB85 /* Crashlytics.framework in Frameworks */,
				D55248BA1A6A97730073942F /* StoreKit.framework in Frameworks */,
			);
			runOnlyForDeploymentPostprocessing = 0;
		};
		D58E1CC31A51B94C00B159ED /* Frameworks */ = {
			isa = PBXFrameworksBuildPhase;
			buildActionMask = 2147483647;
			files = (
			);
			runOnlyForDeploymentPostprocessing = 0;
		};
/* End PBXFrameworksBuildPhase section */

/* Begin PBXGroup section */
		D50C15F51A5A9D6D009ED8B5 /* MBProgressHUD */ = {
			isa = PBXGroup;
			children = (
				D50C16001A5AAA23009ED8B5 /* MBProgressHUD.bundle */,
				D50C15F61A5A9D6D009ED8B5 /* MBProgressHUD+LJ.h */,
				D50C15F71A5A9D6D009ED8B5 /* MBProgressHUD+LJ.m */,
				D50C15F91A5A9D6D009ED8B5 /* MBProgressHUD.h */,
				D50C15FA1A5A9D6D009ED8B5 /* MBProgressHUD.m */,
			);
			path = MBProgressHUD;
			sourceTree = "<group>";
		};
		D50D823B1AE11AB2001D47DA /* iCarousel */ = {
			isa = PBXGroup;
			children = (
				D50D823C1AE11AB2001D47DA /* iCarousel.h */,
				D50D823D1AE11AB2001D47DA /* iCarousel.m */,
			);
			path = iCarousel;
			sourceTree = "<group>";
		};
		D51601C71A5419AA003AB6A9 /* Schedule */ = {
			isa = PBXGroup;
			children = (
				D51C80601AC679D100A1F3A1 /* View */,
				D51601C81A5419AA003AB6A9 /* Controller */,
			);
			path = Schedule;
			sourceTree = "<group>";
		};
		D51601C81A5419AA003AB6A9 /* Controller */ = {
			isa = PBXGroup;
			children = (
				D51601FF1A541EFE003AB6A9 /* ScheduleViewController.h */,
				D51602001A541EFE003AB6A9 /* ScheduleViewController.m */,
			);
			path = Controller;
			sourceTree = "<group>";
		};
		D51601C91A5419B3003AB6A9 /* EduNotice */ = {
			isa = PBXGroup;
			children = (
				D51601CA1A5419B3003AB6A9 /* Controller */,
			);
			path = EduNotice;
			sourceTree = "<group>";
		};
		D51601CA1A5419B3003AB6A9 /* Controller */ = {
			isa = PBXGroup;
			children = (
				D51602021A541F9A003AB6A9 /* NoticeViewController.h */,
				D51602031A541F9A003AB6A9 /* NoticeViewController.m */,
			);
			path = Controller;
			sourceTree = "<group>";
		};
		D51601CB1A5419BA003AB6A9 /* Unpass */ = {
			isa = PBXGroup;
			children = (
				D51601CC1A5419BA003AB6A9 /* Controller */,
				D51601CD1A5419BA003AB6A9 /* Model */,
				D51601CE1A5419BA003AB6A9 /* View */,
			);
			path = Unpass;
			sourceTree = "<group>";
		};
		D51601CC1A5419BA003AB6A9 /* Controller */ = {
			isa = PBXGroup;
			children = (
				D51602051A54200A003AB6A9 /* UnpassScoreTableViewController.h */,
				D51602061A54200A003AB6A9 /* UnpassScoreTableViewController.m */,
				D51602191A542158003AB6A9 /* DetailGradeController.h */,
				D516021A1A542158003AB6A9 /* DetailGradeController.m */,
			);
			path = Controller;
			sourceTree = "<group>";
		};
		D51601CD1A5419BA003AB6A9 /* Model */ = {
			isa = PBXGroup;
			children = (
				D51602081A542035003AB6A9 /* MyGrade.h */,
				D51602091A542035003AB6A9 /* MyGrade.m */,
				D516020A1A542035003AB6A9 /* UnpassGrade.h */,
				D516020B1A542035003AB6A9 /* UnpassGrade.m */,
			);
			path = Model;
			sourceTree = "<group>";
		};
		D51601CE1A5419BA003AB6A9 /* View */ = {
			isa = PBXGroup;
			children = (
				D516020E1A542075003AB6A9 /* PartGradeCell.h */,
				D516020F1A542075003AB6A9 /* PartGradeCell.m */,
				D51602101A542075003AB6A9 /* PartGradeCell.xib */,
			);
			path = View;
			sourceTree = "<group>";
		};
		D51601CF1A5419C9003AB6A9 /* Grade */ = {
			isa = PBXGroup;
			children = (
				D51601D01A5419C9003AB6A9 /* Controller */,
				D51601D11A5419C9003AB6A9 /* Model */,
			);
			path = Grade;
			sourceTree = "<group>";
		};
		D51601D01A5419C9003AB6A9 /* Controller */ = {
			isa = PBXGroup;
			children = (
				D51602131A542109003AB6A9 /* GradeViewController.h */,
				D51602141A542109003AB6A9 /* GradeViewController.m */,
			);
			path = Controller;
			sourceTree = "<group>";
		};
		D51601D11A5419C9003AB6A9 /* Model */ = {
			isa = PBXGroup;
			children = (
				D51602161A542131003AB6A9 /* RatingInfo.h */,
				D51602171A542131003AB6A9 /* RatingInfo.m */,
			);
			path = Model;
			sourceTree = "<group>";
		};
		D51601D21A5419DD003AB6A9 /* ExamPlan */ = {
			isa = PBXGroup;
			children = (
				D51601D31A5419DD003AB6A9 /* Controller */,
				D51601D41A5419DD003AB6A9 /* Model */,
				D51601D51A5419DD003AB6A9 /* View */,
			);
			path = ExamPlan;
			sourceTree = "<group>";
		};
		D51601D31A5419DD003AB6A9 /* Controller */ = {
			isa = PBXGroup;
			children = (
				D51602241A5421E1003AB6A9 /* ExamPlanTableViewController.h */,
				D51602251A5421E1003AB6A9 /* ExamPlanTableViewController.m */,
			);
			path = Controller;
			sourceTree = "<group>";
		};
		D51601D41A5419DD003AB6A9 /* Model */ = {
			isa = PBXGroup;
			children = (
				D51602211A5421DC003AB6A9 /* ExamPlan.h */,
				D51602221A5421DC003AB6A9 /* ExamPlan.m */,
			);
			path = Model;
			sourceTree = "<group>";
		};
		D51601D51A5419DD003AB6A9 /* View */ = {
			isa = PBXGroup;
			children = (
				D516021C1A5421D5003AB6A9 /* ExamPlanCell.h */,
				D516021D1A5421D5003AB6A9 /* ExamPlanCell.m */,
				D516021E1A5421D5003AB6A9 /* ExamPlanCell.xib */,
			);
			path = View;
			sourceTree = "<group>";
		};
		D51601D61A5419E5003AB6A9 /* SkillTest */ = {
			isa = PBXGroup;
			children = (
				D51601D71A5419E5003AB6A9 /* Controller */,
				D51601D81A5419E5003AB6A9 /* Model */,
				D51601D91A5419E5003AB6A9 /* View */,
			);
			path = SkillTest;
			sourceTree = "<group>";
		};
		D51601D71A5419E5003AB6A9 /* Controller */ = {
			isa = PBXGroup;
			children = (
				D51602271A54225B003AB6A9 /* SkillTestTableViewController.h */,
				D51602281A54225B003AB6A9 /* SkillTestTableViewController.m */,
			);
			path = Controller;
			sourceTree = "<group>";
		};
		D51601D81A5419E5003AB6A9 /* Model */ = {
			isa = PBXGroup;
			children = (
				D516022A1A54227B003AB6A9 /* SkillTest.h */,
				D516022B1A54227B003AB6A9 /* SkillTest.m */,
			);
			path = Model;
			sourceTree = "<group>";
		};
		D51601D91A5419E5003AB6A9 /* View */ = {
			isa = PBXGroup;
			children = (
				D516022D1A542285003AB6A9 /* SkillTestCell.h */,
				D516022E1A542285003AB6A9 /* SkillTestCell.m */,
				D516022F1A542285003AB6A9 /* SkillTestCell.xib */,
			);
			path = View;
			sourceTree = "<group>";
		};
		D51601DA1A541A30003AB6A9 /* SelfInformation */ = {
			isa = PBXGroup;
			children = (
				D51601DB1A541A30003AB6A9 /* Controller */,
				D51601DC1A541A30003AB6A9 /* Model */,
				D51601DD1A541A30003AB6A9 /* View */,
			);
			path = SelfInformation;
			sourceTree = "<group>";
		};
		D51601DB1A541A30003AB6A9 /* Controller */ = {
			isa = PBXGroup;
			children = (
				D51601E01A541A96003AB6A9 /* SelfInfoTableViewController.h */,
				D51601E11A541A96003AB6A9 /* SelfInfoTableViewController.m */,
			);
			path = Controller;
			sourceTree = "<group>";
		};
		D51601DC1A541A30003AB6A9 /* Model */ = {
			isa = PBXGroup;
			children = (
				D51601E31A541AEF003AB6A9 /* SelfInformation.h */,
				D51601E41A541AEF003AB6A9 /* SelfInformation.m */,
				D51601E61A541BA7003AB6A9 /* EducationExperience.h */,
				D51601E71A541BA7003AB6A9 /* EducationExperience.m */,
				D51601E91A541BB8003AB6A9 /* EntranceExam.h */,
				D51601EA1A541BB8003AB6A9 /* EntranceExam.m */,
				D51601EC1A541BC9003AB6A9 /* Family.h */,
				D51601ED1A541BC9003AB6A9 /* Family.m */,
				D51601EF1A541BDC003AB6A9 /* Title.h */,
				D51601F01A541BDC003AB6A9 /* Title.m */,
			);
			path = Model;
			sourceTree = "<group>";
		};
		D51601DD1A541A30003AB6A9 /* View */ = {
			isa = PBXGroup;
			children = (
				D51601F91A541CC7003AB6A9 /* CellItem.h */,
				D51601FA1A541CC7003AB6A9 /* CellItem.m */,
				D51601F21A541CBB003AB6A9 /* CellItem.xib */,
				D51601FB1A541CC7003AB6A9 /* familyCell.h */,
				D51601FC1A541CC7003AB6A9 /* familyCell.m */,
				D51601F31A541CBB003AB6A9 /* familyCell.xib */,
				D51601F41A541CBB003AB6A9 /* HeaderView.h */,
				D51601F51A541CBB003AB6A9 /* HeaderView.m */,
			);
			path = View;
			sourceTree = "<group>";
		};
		D51601DE1A541A4B003AB6A9 /* Feedback */ = {
			isa = PBXGroup;
			children = (
				D51601DF1A541A4B003AB6A9 /* Controller */,
			);
			path = Feedback;
			sourceTree = "<group>";
		};
		D51601DF1A541A4B003AB6A9 /* Controller */ = {
			isa = PBXGroup;
			children = (
				D51602321A542364003AB6A9 /* FeedbackViewController.h */,
				D51602331A542364003AB6A9 /* FeedbackViewController.m */,
			);
			path = Controller;
			sourceTree = "<group>";
		};
		D51C80601AC679D100A1F3A1 /* View */ = {
			isa = PBXGroup;
			children = (
				D51C80611AC679EF00A1F3A1 /* KBView.h */,
				D51C80621AC679EF00A1F3A1 /* KBView.m */,
				D51C80631AC679EF00A1F3A1 /* UIView+Autolayout.h */,
				D51C80641AC679EF00A1F3A1 /* UIView+Autolayout.m */,
			);
			path = View;
			sourceTree = "<group>";
		};
		D57D8C271A8475FB001FA546 /* MJRefresh */ = {
			isa = PBXGroup;
			children = (
				D57D8C281A8475FB001FA546 /* MJRefresh.bundle */,
				D57D8C291A8475FB001FA546 /* MJRefresh.h */,
				D57D8C2A1A8475FB001FA546 /* MJRefreshBaseView.h */,
				D57D8C2B1A8475FB001FA546 /* MJRefreshBaseView.m */,
				D57D8C2C1A8475FB001FA546 /* MJRefreshConst.h */,
				D57D8C2D1A8475FB001FA546 /* MJRefreshConst.m */,
				D57D8C2E1A8475FB001FA546 /* MJRefreshFooterView.h */,
				D57D8C2F1A8475FB001FA546 /* MJRefreshFooterView.m */,
				D57D8C301A8475FB001FA546 /* MJRefreshHeaderView.h */,
				D57D8C311A8475FB001FA546 /* MJRefreshHeaderView.m */,
				D57D8C321A8475FB001FA546 /* UIScrollView+MJExtension.h */,
				D57D8C331A8475FB001FA546 /* UIScrollView+MJExtension.m */,
				D57D8C341A8475FB001FA546 /* UIScrollView+MJRefresh.h */,
				D57D8C351A8475FB001FA546 /* UIScrollView+MJRefresh.m */,
				D57D8C361A8475FB001FA546 /* UIView+MJExtension.h */,
				D57D8C371A8475FB001FA546 /* UIView+MJExtension.m */,
			);
			path = MJRefresh;
			sourceTree = "<group>";
		};
		D58E1CA41A51B94B00B159ED = {
			isa = PBXGroup;
			children = (
				D58E1CAF1A51B94B00B159ED /* eduadmin */,
				D58E1CC91A51B94C00B159ED /* eduadminTests */,
				D58E1CAE1A51B94B00B159ED /* Products */,
			);
			sourceTree = "<group>";
		};
		D58E1CAE1A51B94B00B159ED /* Products */ = {
			isa = PBXGroup;
			children = (
				D58E1CAD1A51B94B00B159ED /* eduadmin.app */,
				D58E1CC61A51B94C00B159ED /* eduadminTests.xctest */,
			);
			name = Products;
			sourceTree = "<group>";
		};
		D58E1CAF1A51B94B00B159ED /* eduadmin */ = {
			isa = PBXGroup;
			children = (
				D58E1D321A51B9C200B159ED /* Class */,
				D58E1CB01A51B94B00B159ED /* Supporting Files */,
			);
			path = eduadmin;
			sourceTree = "<group>";
		};
		D58E1CB01A51B94B00B159ED /* Supporting Files */ = {
			isa = PBXGroup;
			children = (
				D58E1CD61A51B98800B159ED /* lib */,
				D58E1CBD1A51B94C00B159ED /* Images.xcassets */,
				D58E1CB11A51B94B00B159ED /* Info.plist */,
			);
			name = "Supporting Files";
			sourceTree = "<group>";
		};
		D58E1CC91A51B94C00B159ED /* eduadminTests */ = {
			isa = PBXGroup;
			children = (
				D58E1CCC1A51B94C00B159ED /* eduadminTests.m */,
				D58E1CCA1A51B94C00B159ED /* Supporting Files */,
			);
			path = eduadminTests;
			sourceTree = "<group>";
		};
		D58E1CCA1A51B94C00B159ED /* Supporting Files */ = {
			isa = PBXGroup;
			children = (
				D58E1CCB1A51B94C00B159ED /* Info.plist */,
			);
			name = "Supporting Files";
			sourceTree = "<group>";
		};
		D58E1CD61A51B98800B159ED /* lib */ = {
			isa = PBXGroup;
			children = (
				D50D823B1AE11AB2001D47DA /* iCarousel */,
				D57D8C271A8475FB001FA546 /* MJRefresh */,
				D55248B91A6A97730073942F /* StoreKit.framework */,
				D56448E01A68300700E5AB85 /* Crashlytics.framework */,
				D50C15F51A5A9D6D009ED8B5 /* MBProgressHUD */,
				D58E1CD71A51B98800B159ED /* AFNetworking */,
				D58E1CF11A51B98800B159ED /* MJExtension */,
				D58E1D091A51B98800B159ED /* Tools */,
			);
			path = lib;
			sourceTree = "<group>";
		};
		D58E1CD71A51B98800B159ED /* AFNetworking */ = {
			isa = PBXGroup;
			children = (
				D58E1CD81A51B98800B159ED /* AFHTTPRequestOperation.h */,
				D58E1CD91A51B98800B159ED /* AFHTTPRequestOperation.m */,
				D58E1CDA1A51B98800B159ED /* AFHTTPRequestOperationManager.h */,
				D58E1CDB1A51B98800B159ED /* AFHTTPRequestOperationManager.m */,
				D58E1CDC1A51B98800B159ED /* AFHTTPSessionManager.h */,
				D58E1CDD1A51B98800B159ED /* AFHTTPSessionManager.m */,
				D58E1CDE1A51B98800B159ED /* AFNetworking.h */,
				D58E1CDF1A51B98800B159ED /* AFNetworkReachabilityManager.h */,
				D58E1CE01A51B98800B159ED /* AFNetworkReachabilityManager.m */,
				D58E1CE11A51B98800B159ED /* AFSecurityPolicy.h */,
				D58E1CE21A51B98800B159ED /* AFSecurityPolicy.m */,
				D58E1CE31A51B98800B159ED /* AFURLConnectionOperation.h */,
				D58E1CE41A51B98800B159ED /* AFURLConnectionOperation.m */,
				D58E1CE51A51B98800B159ED /* AFURLRequestSerialization.h */,
				D58E1CE61A51B98800B159ED /* AFURLRequestSerialization.m */,
				D58E1CE71A51B98800B159ED /* AFURLResponseSerialization.h */,
				D58E1CE81A51B98800B159ED /* AFURLResponseSerialization.m */,
				D58E1CE91A51B98800B159ED /* AFURLSessionManager.h */,
				D58E1CEA1A51B98800B159ED /* AFURLSessionManager.m */,
			);
			path = AFNetworking;
			sourceTree = "<group>";
		};
		D58E1CF11A51B98800B159ED /* MJExtension */ = {
			isa = PBXGroup;
			children = (
				D58E1CF21A51B98800B159ED /* MJArgument.h */,
				D58E1CF31A51B98800B159ED /* MJArgument.m */,
				D58E1CF41A51B98800B159ED /* MJConst.h */,
				D58E1CF51A51B98800B159ED /* MJConst.m */,
				D58E1CF61A51B98800B159ED /* MJExtension.h */,
				D58E1CF71A51B98800B159ED /* MJFoundation.h */,
				D58E1CF81A51B98800B159ED /* MJFoundation.m */,
				D58E1CF91A51B98800B159ED /* MJIvar.h */,
				D58E1CFA1A51B98800B159ED /* MJIvar.m */,
				D58E1CFB1A51B98800B159ED /* MJMember.h */,
				D58E1CFC1A51B98800B159ED /* MJMember.m */,
				D58E1CFD1A51B98800B159ED /* MJMethod.h */,
				D58E1CFE1A51B98800B159ED /* MJMethod.m */,
				D58E1CFF1A51B98800B159ED /* MJType.h */,
				D58E1D001A51B98800B159ED /* MJType.m */,
				D58E1D011A51B98800B159ED /* MJTypeEncoding.h */,
				D58E1D021A51B98800B159ED /* MJTypeEncoding.m */,
				D58E1D031A51B98800B159ED /* NSObject+MJCoding.h */,
				D58E1D041A51B98800B159ED /* NSObject+MJCoding.m */,
				D58E1D051A51B98800B159ED /* NSObject+MJKeyValue.h */,
				D58E1D061A51B98800B159ED /* NSObject+MJKeyValue.m */,
				D58E1D071A51B98800B159ED /* NSObject+MJMember.h */,
				D58E1D081A51B98800B159ED /* NSObject+MJMember.m */,
			);
			path = MJExtension;
			sourceTree = "<group>";
		};
		D58E1D091A51B98800B159ED /* Tools */ = {
			isa = PBXGroup;
			children = (
				D58E1D0A1A51B98800B159ED /* Common.h */,
				D58E1D0B1A51B98800B159ED /* LJDeviceTool.h */,
				D58E1D0C1A51B98800B159ED /* LJDeviceTool.m */,
				D58E1D0D1A51B98800B159ED /* LJFileTool.h */,
				D58E1D0E1A51B98800B159ED /* LJFileTool.m */,
				D58E1D0F1A51B98800B159ED /* LJHTTPTool.h */,
				D58E1D101A51B98800B159ED /* LJHTTPTool.m */,
				D58E1D111A51B98800B159ED /* LJTimeTool.h */,
				D58E1D121A51B98800B159ED /* LJTimeTool.m */,
				D58E1D131A51B98800B159ED /* LJTools.h */,
				D58E1D141A51B98800B159ED /* LJUITool.h */,
				D58E1D151A51B98800B159ED /* LJUITool.m */,
			);
			path = Tools;
			sourceTree = "<group>";
		};
		D58E1D321A51B9C200B159ED /* Class */ = {
			isa = PBXGroup;
			children = (
				D58E1D391A51BACE00B159ED /* Main */,
				D58E1D411A51BF2000B159ED /* Login */,
				D5F936BD1A52EB3600EA112F /* Index */,
				D51601DA1A541A30003AB6A9 /* SelfInformation */,
				D51601C71A5419AA003AB6A9 /* Schedule */,
				D51601C91A5419B3003AB6A9 /* EduNotice */,
				D51601CB1A5419BA003AB6A9 /* Unpass */,
				D51601CF1A5419C9003AB6A9 /* Grade */,
				D51601D21A5419DD003AB6A9 /* ExamPlan */,
				D51601D61A5419E5003AB6A9 /* SkillTest */,
				D51601DE1A541A4B003AB6A9 /* Feedback */,
				D5F936C21A52ED0300EA112F /* About */,
				D5C536131A6BC3A100BD2821 /* Donate */,
				D58E1D331A51B9C200B159ED /* Other */,
			);
			path = Class;
			sourceTree = "<group>";
		};
		D58E1D331A51B9C200B159ED /* Other */ = {
			isa = PBXGroup;
			children = (
				D58E1D341A51B9C200B159ED /* AppDelegate.h */,
				D58E1D351A51B9C200B159ED /* AppDelegate.m */,
				D58E1D361A51B9C200B159ED /* main.m */,
			);
			path = Other;
			sourceTree = "<group>";
		};
		D58E1D391A51BACE00B159ED /* Main */ = {
			isa = PBXGroup;
			children = (
				D58E1D3A1A51BACE00B159ED /* Controller */,
				D58E1D3D1A51BACE00B159ED /* View */,
			);
			path = Main;
			sourceTree = "<group>";
		};
		D58E1D3A1A51BACE00B159ED /* Controller */ = {
			isa = PBXGroup;
			children = (
				D58E1D3B1A51BACE00B159ED /* MainNavigationViewController.h */,
				D58E1D3C1A51BACE00B159ED /* MainNavigationViewController.m */,
				D5131C991A8FB85E002539BD /* PushViewController.h */,
				D5131C9A1A8FB85E002539BD /* PushViewController.m */,
			);
			path = Controller;
			sourceTree = "<group>";
		};
		D58E1D3D1A51BACE00B159ED /* View */ = {
			isa = PBXGroup;
			children = (
				D58E1CBA1A51B94C00B159ED /* Main.storyboard */,
				D53E75C51A93996700CBE422 /* Launch Screen.xib */,
			);
			path = View;
			sourceTree = "<group>";
		};
		D58E1D411A51BF2000B159ED /* Login */ = {
			isa = PBXGroup;
			children = (
				D58E1D421A51BF2000B159ED /* Controller */,
			);
			path = Login;
			sourceTree = "<group>";
		};
		D58E1D421A51BF2000B159ED /* Controller */ = {
			isa = PBXGroup;
			children = (
				D58E1D431A51BF5900B159ED /* LoginViewController.h */,
				D58E1D441A51BF5900B159ED /* LoginViewController.m */,
			);
			path = Controller;
			sourceTree = "<group>";
		};
		D5C536131A6BC3A100BD2821 /* Donate */ = {
			isa = PBXGroup;
			children = (
				D5C536141A6BC3A100BD2821 /* Controller */,
			);
			path = Donate;
			sourceTree = "<group>";
		};
		D5C536141A6BC3A100BD2821 /* Controller */ = {
			isa = PBXGroup;
			children = (
				D5C536151A6BC3A100BD2821 /* DonateTableViewController.h */,
				D5C536161A6BC3A100BD2821 /* DonateTableViewController.m */,
			);
			path = Controller;
			sourceTree = "<group>";
		};
		D5F936BD1A52EB3600EA112F /* Index */ = {
			isa = PBXGroup;
			children = (
				D5F936BE1A52EB3600EA112F /* Controller */,
			);
			path = Index;
			sourceTree = "<group>";
		};
		D5F936BE1A52EB3600EA112F /* Controller */ = {
			isa = PBXGroup;
			children = (
				D5F936BF1A52EB5200EA112F /* IndexViewController.h */,
				D5F936C01A52EB5200EA112F /* IndexViewController.m */,
			);
			path = Controller;
			sourceTree = "<group>";
		};
		D5F936C21A52ED0300EA112F /* About */ = {
			isa = PBXGroup;
			children = (
				D5F936C31A52ED0300EA112F /* Controller */,
			);
			path = About;
			sourceTree = "<group>";
		};
		D5F936C31A52ED0300EA112F /* Controller */ = {
			isa = PBXGroup;
			children = (
				D5F936C41A52ED1B00EA112F /* AboutTableViewController.h */,
				D5F936C51A52ED1B00EA112F /* AboutTableViewController.m */,
				D5F936C71A52ED7900EA112F /* ShowWebViewController.h */,
				D5F936C81A52ED7900EA112F /* ShowWebViewController.m */,
			);
			path = Controller;
			sourceTree = "<group>";
		};
/* End PBXGroup section */

/* Begin PBXNativeTarget section */
		D58E1CAC1A51B94B00B159ED /* eduadmin */ = {
			isa = PBXNativeTarget;
			buildConfigurationList = D58E1CD01A51B94C00B159ED /* Build configuration list for PBXNativeTarget "eduadmin" */;
			buildPhases = (
				D58E1CA91A51B94B00B159ED /* Sources */,
				D58E1CAA1A51B94B00B159ED /* Frameworks */,
				D58E1CAB1A51B94B00B159ED /* Resources */,
				D56448DF1A682F9D00E5AB85 /* ShellScript */,
			);
			buildRules = (
			);
			dependencies = (
			);
			name = eduadmin;
			productName = eduadmin;
			productReference = D58E1CAD1A51B94B00B159ED /* eduadmin.app */;
			productType = "com.apple.product-type.application";
		};
		D58E1CC51A51B94C00B159ED /* eduadminTests */ = {
			isa = PBXNativeTarget;
			buildConfigurationList = D58E1CD31A51B94C00B159ED /* Build configuration list for PBXNativeTarget "eduadminTests" */;
			buildPhases = (
				D58E1CC21A51B94C00B159ED /* Sources */,
				D58E1CC31A51B94C00B159ED /* Frameworks */,
				D58E1CC41A51B94C00B159ED /* Resources */,
			);
			buildRules = (
			);
			dependencies = (
				D58E1CC81A51B94C00B159ED /* PBXTargetDependency */,
			);
			name = eduadminTests;
			productName = eduadminTests;
			productReference = D58E1CC61A51B94C00B159ED /* eduadminTests.xctest */;
			productType = "com.apple.product-type.bundle.unit-test";
		};
/* End PBXNativeTarget section */

/* Begin PBXProject section */
		D58E1CA51A51B94B00B159ED /* Project object */ = {
			isa = PBXProject;
			attributes = {
				LastUpgradeCheck = 0610;
				ORGANIZATIONNAME = PUPBOSS;
				TargetAttributes = {
					D58E1CAC1A51B94B00B159ED = {
						CreatedOnToolsVersion = 6.1.1;
						DevelopmentTeam = BH46MT8H22;
						SystemCapabilities = {
							com.apple.BackgroundModes = {
								enabled = 1;
							};
							com.apple.InAppPurchase = {
								enabled = 1;
							};
						};
					};
					D58E1CC51A51B94C00B159ED = {
						CreatedOnToolsVersion = 6.1.1;
						TestTargetID = D58E1CAC1A51B94B00B159ED;
					};
				};
			};
			buildConfigurationList = D58E1CA81A51B94B00B159ED /* Build configuration list for PBXProject "eduadmin" */;
			compatibilityVersion = "Xcode 3.2";
			developmentRegion = English;
			hasScannedForEncodings = 0;
			knownRegions = (
				en,
				Base,
			);
			mainGroup = D58E1CA41A51B94B00B159ED;
			productRefGroup = D58E1CAE1A51B94B00B159ED /* Products */;
			projectDirPath = "";
			projectRoot = "";
			targets = (
				D58E1CAC1A51B94B00B159ED /* eduadmin */,
				D58E1CC51A51B94C00B159ED /* eduadminTests */,
			);
		};
/* End PBXProject section */

/* Begin PBXResourcesBuildPhase section */
		D58E1CAB1A51B94B00B159ED /* Resources */ = {
			isa = PBXResourcesBuildPhase;
			buildActionMask = 2147483647;
			files = (
				D51601F61A541CBB003AB6A9 /* CellItem.xib in Resources */,
				D50C16011A5AAA23009ED8B5 /* MBProgressHUD.bundle in Resources */,
				D51602201A5421D5003AB6A9 /* ExamPlanCell.xib in Resources */,
				D58E1CBC1A51B94C00B159ED /* Main.storyboard in Resources */,
				D51602121A542075003AB6A9 /* PartGradeCell.xib in Resources */,
				D51602311A542285003AB6A9 /* SkillTestCell.xib in Resources */,
				D51601F71A541CBB003AB6A9 /* familyCell.xib in Resources */,
				D58E1CBE1A51B94C00B159ED /* Images.xcassets in Resources */,
				D57D8C381A8475FB001FA546 /* MJRefresh.bundle in Resources */,
				D53E75C61A93996700CBE422 /* Launch Screen.xib in Resources */,
			);
			runOnlyForDeploymentPostprocessing = 0;
		};
		D58E1CC41A51B94C00B159ED /* Resources */ = {
			isa = PBXResourcesBuildPhase;
			buildActionMask = 2147483647;
			files = (
			);
			runOnlyForDeploymentPostprocessing = 0;
		};
/* End PBXResourcesBuildPhase section */

/* Begin PBXShellScriptBuildPhase section */
		D56448DF1A682F9D00E5AB85 /* ShellScript */ = {
			isa = PBXShellScriptBuildPhase;
			buildActionMask = 8;
			files = (
			);
			inputPaths = (
			);
			outputPaths = (
			);
			runOnlyForDeploymentPostprocessing = 1;
			shellPath = /bin/sh;
			shellScript = "./Crashlytics.framework/run 8feec9fc30497fa73685d17f490a7a7cdad6b2a1 8df1664dc1bc3830b78c2f7dc2216796333fcc326af81a369aacbf7bec69f778";
		};
/* End PBXShellScriptBuildPhase section */

/* Begin PBXSourcesBuildPhase section */
		D58E1CA91A51B94B00B159ED /* Sources */ = {
			isa = PBXSourcesBuildPhase;
			buildActionMask = 2147483647;
			files = (
				D58E1D251A51B98800B159ED /* MJIvar.m in Sources */,
				D51601EE1A541BC9003AB6A9 /* Family.m in Sources */,
				D57D8C3C1A8475FB001FA546 /* MJRefreshHeaderView.m in Sources */,
				D51602181A542131003AB6A9 /* RatingInfo.m in Sources */,
				D51601E51A541AEF003AB6A9 /* SelfInformation.m in Sources */,
				D516021B1A542158003AB6A9 /* DetailGradeController.m in Sources */,
				D58E1D161A51B98800B159ED /* AFHTTPRequestOperation.m in Sources */,
				D51601F11A541BDC003AB6A9 /* Title.m in Sources */,
				D58E1D261A51B98800B159ED /* MJMember.m in Sources */,
				D57D8C3F1A8475FB001FA546 /* UIView+MJExtension.m in Sources */,
				D57D8C3A1A8475FB001FA546 /* MJRefreshConst.m in Sources */,
				D516022C1A54227B003AB6A9 /* SkillTest.m in Sources */,
				D51602071A54200A003AB6A9 /* UnpassScoreTableViewController.m in Sources */,
				D51602341A542364003AB6A9 /* FeedbackViewController.m in Sources */,
				D58E1D221A51B98800B159ED /* MJArgument.m in Sources */,
				D51601E81A541BA7003AB6A9 /* EducationExperience.m in Sources */,
				D5F936C61A52ED1B00EA112F /* AboutTableViewController.m in Sources */,
				D58E1D281A51B98800B159ED /* MJType.m in Sources */,
				D57D8C3E1A8475FB001FA546 /* UIScrollView+MJRefresh.m in Sources */,
				D58E1D231A51B98800B159ED /* MJConst.m in Sources */,
				D516020C1A542035003AB6A9 /* MyGrade.m in Sources */,
				D58E1D171A51B98800B159ED /* AFHTTPRequestOperationManager.m in Sources */,
				D50D823E1AE11AB2001D47DA /* iCarousel.m in Sources */,
				D5F936C11A52EB5200EA112F /* IndexViewController.m in Sources */,
				D51C80651AC679EF00A1F3A1 /* KBView.m in Sources */,
				D58E1D191A51B98800B159ED /* AFNetworkReachabilityManager.m in Sources */,
				D58E1D2D1A51B98800B159ED /* LJDeviceTool.m in Sources */,
				D516021F1A5421D5003AB6A9 /* ExamPlanCell.m in Sources */,
				D51602151A542109003AB6A9 /* GradeViewController.m in Sources */,
				D58E1D381A51B9C200B159ED /* main.m in Sources */,
				D58E1D291A51B98800B159ED /* MJTypeEncoding.m in Sources */,
				D58E1D1D1A51B98800B159ED /* AFURLResponseSerialization.m in Sources */,
				D51601EB1A541BB8003AB6A9 /* EntranceExam.m in Sources */,
				D57D8C3D1A8475FB001FA546 /* UIScrollView+MJExtension.m in Sources */,
				D58E1D2C1A51B98800B159ED /* NSObject+MJMember.m in Sources */,
				D58E1D2E1A51B98800B159ED /* LJFileTool.m in Sources */,
				D51602231A5421DC003AB6A9 /* ExamPlan.m in Sources */,
				D516020D1A542035003AB6A9 /* UnpassGrade.m in Sources */,
				D51601E21A541A96003AB6A9 /* SelfInfoTableViewController.m in Sources */,
				D51602291A54225B003AB6A9 /* SkillTestTableViewController.m in Sources */,
				D5131C9B1A8FB85E002539BD /* PushViewController.m in Sources */,
				D51602011A541EFE003AB6A9 /* ScheduleViewController.m in Sources */,
				D58E1D2F1A51B98800B159ED /* LJHTTPTool.m in Sources */,
				D58E1D1B1A51B98800B159ED /* AFURLConnectionOperation.m in Sources */,
				D58E1D371A51B9C200B159ED /* AppDelegate.m in Sources */,
				D51602261A5421E1003AB6A9 /* ExamPlanTableViewController.m in Sources */,
				D51602111A542075003AB6A9 /* PartGradeCell.m in Sources */,
				D58E1D1A1A51B98800B159ED /* AFSecurityPolicy.m in Sources */,
				D58E1D181A51B98800B159ED /* AFHTTPSessionManager.m in Sources */,
				D58E1D271A51B98800B159ED /* MJMethod.m in Sources */,
				D58E1D2B1A51B98800B159ED /* NSObject+MJKeyValue.m in Sources */,
				D58E1D1C1A51B98800B159ED /* AFURLRequestSerialization.m in Sources */,
				D58E1D3E1A51BACE00B159ED /* MainNavigationViewController.m in Sources */,
				D5F936C91A52ED7900EA112F /* ShowWebViewController.m in Sources */,
				D51602301A542285003AB6A9 /* SkillTestCell.m in Sources */,
				D58E1D1E1A51B98800B159ED /* AFURLSessionManager.m in Sources */,
				D58E1D311A51B98800B159ED /* LJUITool.m in Sources */,
				D58E1D2A1A51B98800B159ED /* NSObject+MJCoding.m in Sources */,
				D51C80661AC679EF00A1F3A1 /* UIView+Autolayout.m in Sources */,
				D51602041A541F9A003AB6A9 /* NoticeViewController.m in Sources */,
				D58E1D301A51B98800B159ED /* LJTimeTool.m in Sources */,
				D51601FD1A541CC7003AB6A9 /* CellItem.m in Sources */,
				D5C536171A6BC3A100BD2821 /* DonateTableViewController.m in Sources */,
				D51601FE1A541CC7003AB6A9 /* familyCell.m in Sources */,
				D57D8C391A8475FB001FA546 /* MJRefreshBaseView.m in Sources */,
				D57D8C3B1A8475FB001FA546 /* MJRefreshFooterView.m in Sources */,
				D58E1D241A51B98800B159ED /* MJFoundation.m in Sources */,
				D50C15FD1A5A9D6D009ED8B5 /* MBProgressHUD.m in Sources */,
				D50C15FB1A5A9D6D009ED8B5 /* MBProgressHUD+LJ.m in Sources */,
				D51601F81A541CBB003AB6A9 /* HeaderView.m in Sources */,
				D58E1D451A51BF5900B159ED /* LoginViewController.m in Sources */,
			);
			runOnlyForDeploymentPostprocessing = 0;
		};
		D58E1CC21A51B94C00B159ED /* Sources */ = {
			isa = PBXSourcesBuildPhase;
			buildActionMask = 2147483647;
			files = (
				D58E1CCD1A51B94C00B159ED /* eduadminTests.m in Sources */,
			);
			runOnlyForDeploymentPostprocessing = 0;
		};
/* End PBXSourcesBuildPhase section */

/* Begin PBXTargetDependency section */
		D58E1CC81A51B94C00B159ED /* PBXTargetDependency */ = {
			isa = PBXTargetDependency;
			target = D58E1CAC1A51B94B00B159ED /* eduadmin */;
			targetProxy = D58E1CC71A51B94C00B159ED /* PBXContainerItemProxy */;
		};
/* End PBXTargetDependency section */

/* Begin PBXVariantGroup section */
		D58E1CBA1A51B94C00B159ED /* Main.storyboard */ = {
			isa = PBXVariantGroup;
			children = (
				D58E1CBB1A51B94C00B159ED /* Base */,
			);
			name = Main.storyboard;
			path = ../../..;
			sourceTree = "<group>";
		};
/* End PBXVariantGroup section */

/* Begin XCBuildConfiguration section */
		D58E1CCE1A51B94C00B159ED /* Debug */ = {
			isa = XCBuildConfiguration;
			buildSettings = {
				ALWAYS_SEARCH_USER_PATHS = NO;
				CLANG_CXX_LANGUAGE_STANDARD = "gnu++0x";
				CLANG_CXX_LIBRARY = "libc++";
				CLANG_ENABLE_MODULES = YES;
				CLANG_ENABLE_OBJC_ARC = YES;
				CLANG_WARN_BOOL_CONVERSION = YES;
				CLANG_WARN_CONSTANT_CONVERSION = YES;
				CLANG_WARN_DIRECT_OBJC_ISA_USAGE = YES_ERROR;
				CLANG_WARN_EMPTY_BODY = YES;
				CLANG_WARN_ENUM_CONVERSION = YES;
				CLANG_WARN_INT_CONVERSION = YES;
				CLANG_WARN_OBJC_ROOT_CLASS = YES_ERROR;
				CLANG_WARN_UNREACHABLE_CODE = YES;
				CLANG_WARN__DUPLICATE_METHOD_MATCH = YES;
				"CODE_SIGN_IDENTITY[sdk=iphoneos*]" = "";
				COPY_PHASE_STRIP = NO;
				ENABLE_STRICT_OBJC_MSGSEND = YES;
				GCC_C_LANGUAGE_STANDARD = gnu99;
				GCC_DYNAMIC_NO_PIC = NO;
				GCC_OPTIMIZATION_LEVEL = 0;
				GCC_PREPROCESSOR_DEFINITIONS = (
					"DEBUG=1",
					"$(inherited)",
				);
				GCC_SYMBOLS_PRIVATE_EXTERN = NO;
				GCC_WARN_64_TO_32_BIT_CONVERSION = YES;
				GCC_WARN_ABOUT_RETURN_TYPE = YES_ERROR;
				GCC_WARN_UNDECLARED_SELECTOR = YES;
				GCC_WARN_UNINITIALIZED_AUTOS = YES_AGGRESSIVE;
				GCC_WARN_UNUSED_FUNCTION = YES;
				GCC_WARN_UNUSED_VARIABLE = YES;
				IPHONEOS_DEPLOYMENT_TARGET = 7.0;
				MTL_ENABLE_DEBUG_INFO = YES;
				ONLY_ACTIVE_ARCH = YES;
				SDKROOT = iphoneos;
				TARGETED_DEVICE_FAMILY = "1,2";
			};
			name = Debug;
		};
		D58E1CCF1A51B94C00B159ED /* Release */ = {
			isa = XCBuildConfiguration;
			buildSettings = {
				ALWAYS_SEARCH_USER_PATHS = NO;
				CLANG_CXX_LANGUAGE_STANDARD = "gnu++0x";
				CLANG_CXX_LIBRARY = "libc++";
				CLANG_ENABLE_MODULES = YES;
				CLANG_ENABLE_OBJC_ARC = YES;
				CLANG_WARN_BOOL_CONVERSION = YES;
				CLANG_WARN_CONSTANT_CONVERSION = YES;
				CLANG_WARN_DIRECT_OBJC_ISA_USAGE = YES_ERROR;
				CLANG_WARN_EMPTY_BODY = YES;
				CLANG_WARN_ENUM_CONVERSION = YES;
				CLANG_WARN_INT_CONVERSION = YES;
				CLANG_WARN_OBJC_ROOT_CLASS = YES_ERROR;
				CLANG_WARN_UNREACHABLE_CODE = YES;
				CLANG_WARN__DUPLICATE_METHOD_MATCH = YES;
				CODE_SIGN_IDENTITY = "iPhone Distribution: Jie Li (BH46MT8H22)";
				"CODE_SIGN_IDENTITY[sdk=iphoneos*]" = "iPhone Distribution: Jie Li (BH46MT8H22)";
				COPY_PHASE_STRIP = YES;
				ENABLE_NS_ASSERTIONS = NO;
				ENABLE_STRICT_OBJC_MSGSEND = YES;
				GCC_C_LANGUAGE_STANDARD = gnu99;
				GCC_WARN_64_TO_32_BIT_CONVERSION = YES;
				GCC_WARN_ABOUT_RETURN_TYPE = YES_ERROR;
				GCC_WARN_UNDECLARED_SELECTOR = YES;
				GCC_WARN_UNINITIALIZED_AUTOS = YES_AGGRESSIVE;
				GCC_WARN_UNUSED_FUNCTION = YES;
				GCC_WARN_UNUSED_VARIABLE = YES;
				IPHONEOS_DEPLOYMENT_TARGET = 7.0;
				MTL_ENABLE_DEBUG_INFO = NO;
				SDKROOT = iphoneos;
				TARGETED_DEVICE_FAMILY = "1,2";
				VALIDATE_PRODUCT = YES;
			};
			name = Release;
		};
		D58E1CD11A51B94C00B159ED /* Debug */ = {
			isa = XCBuildConfiguration;
			buildSettings = {
				ASSETCATALOG_COMPILER_APPICON_NAME = AppIcon;
				ASSETCATALOG_COMPILER_LAUNCHIMAGE_NAME = LaunchImage;
				CODE_SIGN_IDENTITY = "iPhone Developer";
				"CODE_SIGN_IDENTITY[sdk=iphoneos*]" = "iPhone Developer";
				FRAMEWORK_SEARCH_PATHS = (
					"$(inherited)",
					"$(PROJECT_DIR)/eduadmin/lib",
				);
				INFOPLIST_FILE = eduadmin/Info.plist;
				IPHONEOS_DEPLOYMENT_TARGET = 7.0;
				LD_RUNPATH_SEARCH_PATHS = "$(inherited) @executable_path/Frameworks";
				LIBRARY_SEARCH_PATHS = "$(inherited)";
				PRODUCT_NAME = "$(TARGET_NAME)";
				PROVISIONING_PROFILE = "";
				TARGETED_DEVICE_FAMILY = "1,2";
			};
			name = Debug;
		};
		D58E1CD21A51B94C00B159ED /* Release */ = {
			isa = XCBuildConfiguration;
			buildSettings = {
				ASSETCATALOG_COMPILER_APPICON_NAME = AppIcon;
				ASSETCATALOG_COMPILER_LAUNCHIMAGE_NAME = LaunchImage;
				CODE_SIGN_IDENTITY = "iPhone Developer";
				"CODE_SIGN_IDENTITY[sdk=iphoneos*]" = "iPhone Developer";
				FRAMEWORK_SEARCH_PATHS = (
					"$(inherited)",
					"$(PROJECT_DIR)/eduadmin/lib",
				);
				INFOPLIST_FILE = eduadmin/Info.plist;
				IPHONEOS_DEPLOYMENT_TARGET = 7.0;
				LD_RUNPATH_SEARCH_PATHS = "$(inherited) @executable_path/Frameworks";
				LIBRARY_SEARCH_PATHS = "$(inherited)";
				PRODUCT_NAME = "$(TARGET_NAME)";
				PROVISIONING_PROFILE = "";
				TARGETED_DEVICE_FAMILY = "1,2";
			};
			name = Release;
		};
		D58E1CD41A51B94C00B159ED /* Debug */ = {
			isa = XCBuildConfiguration;
			buildSettings = {
				BUNDLE_LOADER = "$(TEST_HOST)";
				CODE_SIGN_IDENTITY = "iPhone Developer: Jie Li (DATL6CC93P)";
				FRAMEWORK_SEARCH_PATHS = (
					"$(SDKROOT)/Developer/Library/Frameworks",
					"$(inherited)",
				);
				GCC_PREPROCESSOR_DEFINITIONS = (
					"DEBUG=1",
					"$(inherited)",
				);
				INFOPLIST_FILE = eduadminTests/Info.plist;
				LD_RUNPATH_SEARCH_PATHS = "$(inherited) @executable_path/Frameworks @loader_path/Frameworks";
				PRODUCT_NAME = "$(TARGET_NAME)";
				TEST_HOST = "$(BUILT_PRODUCTS_DIR)/eduadmin.app/eduadmin";
			};
			name = Debug;
		};
		D58E1CD51A51B94C00B159ED /* Release */ = {
			isa = XCBuildConfiguration;
			buildSettings = {
				BUNDLE_LOADER = "$(TEST_HOST)";
				CODE_SIGN_IDENTITY = "iPhone Distribution: Jie Li (BH46MT8H22)";
				"CODE_SIGN_IDENTITY[sdk=iphoneos*]" = "iPhone Distribution: Jie Li (BH46MT8H22)";
				FRAMEWORK_SEARCH_PATHS = (
					"$(SDKROOT)/Developer/Library/Frameworks",
					"$(inherited)",
				);
				INFOPLIST_FILE = eduadminTests/Info.plist;
				LD_RUNPATH_SEARCH_PATHS = "$(inherited) @executable_path/Frameworks @loader_path/Frameworks";
				PRODUCT_NAME = "$(TARGET_NAME)";
				TEST_HOST = "$(BUILT_PRODUCTS_DIR)/eduadmin.app/eduadmin";
			};
			name = Release;
		};
/* End XCBuildConfiguration section */

/* Begin XCConfigurationList section */
		D58E1CA81A51B94B00B159ED /* Build configuration list for PBXProject "eduadmin" */ = {
			isa = XCConfigurationList;
			buildConfigurations = (
				D58E1CCE1A51B94C00B159ED /* Debug */,
				D58E1CCF1A51B94C00B159ED /* Release */,
			);
			defaultConfigurationIsVisible = 0;
			defaultConfigurationName = Release;
		};
		D58E1CD01A51B94C00B159ED /* Build configuration list for PBXNativeTarget "eduadmin" */ = {
			isa = XCConfigurationList;
			buildConfigurations = (
				D58E1CD11A51B94C00B159ED /* Debug */,
				D58E1CD21A51B94C00B159ED /* Release */,
			);
			defaultConfigurationIsVisible = 0;
			defaultConfigurationName = Release;
		};
		D58E1CD31A51B94C00B159ED /* Build configuration list for PBXNativeTarget "eduadminTests" */ = {
			isa = XCConfigurationList;
			buildConfigurations = (
				D58E1CD41A51B94C00B159ED /* Debug */,
				D58E1CD51A51B94C00B159ED /* Release */,
			);
			defaultConfigurationIsVisible = 0;
			defaultConfigurationName = Release;
		};
/* End XCConfigurationList section */
	};
	rootObject = D58E1CA51A51B94B00B159ED /* Project object */;
}
